// !$*UTF8*$!
{
	archiveVersion = 1;
	classes = {
	};
	objectVersion = 53;
	objects = {

/* Begin PBXBuildFile section */
		B8DD8BDE14A9360E008A9E8F /* main.m in Sources */ = {isa = PBXBuildFile; fileRef = B8DD8BDD14A9360E008A9E8F /* main.m */; };
		B845588F14DC315D00425F49 /* ythread.c in Sources */ = {isa = PBXBuildFile; fileRef = B845588D14DC315D00425F49 /* ythread.c */; };
		B853FE21161B49CA0086F1F5 /* ykey.c in Sources */ = {isa = PBXBuildFile; fileRef = B853FE1F161B49CA0086F1F5 /* ykey.c */; };
		B8DD8C0614A936EF008A9E8F /* yocto_api.m in Sources */ = {isa = PBXBuildFile; fileRef = B8DD8BEC14A936EF008A9E8F /* yocto_api.m */; };
		B8DD8C2914A9370B008A9E8F /* yapi.c in Sources */ = {isa = PBXBuildFile; fileRef = B8DD8C1414A9370B008A9E8F /* yapi.c */; };
		B8DD8C2A14A9370B008A9E8F /* yfifo.c in Sources */ = {isa = PBXBuildFile; fileRef = B8DD8C1714A9370B008A9E8F /* yfifo.c */; };
		B8DD8C2B14A9370B008A9E8F /* yhash.c in Sources */ = {isa = PBXBuildFile; fileRef = B8DD8C1914A9370B008A9E8F /* yhash.c */; };
		B8DD8C2C14A9370B008A9E8F /* yjson.c in Sources */ = {isa = PBXBuildFile; fileRef = B8DD8C1B14A9370B008A9E8F /* yjson.c */; };
		B8DD8C2D14A9370B008A9E8F /* ymemory.c in Sources */ = {isa = PBXBuildFile; fileRef = B8DD8C1D14A9370B008A9E8F /* ymemory.c */; };
		B8DD8C2E14A9370B008A9E8F /* ypkt_lin.c in Sources */ = {isa = PBXBuildFile; fileRef = B8DD8C1F14A9370B008A9E8F /* ypkt_lin.c */; };
		B8DD8C2F14A9370B008A9E8F /* ypkt_osx.c in Sources */ = {isa = PBXBuildFile; fileRef = B8DD8C2014A9370B008A9E8F /* ypkt_osx.c */; };
		B8DD8C3014A9370B008A9E8F /* ypkt_win.c in Sources */ = {isa = PBXBuildFile; fileRef = B8DD8C2114A9370B008A9E8F /* ypkt_win.c */; };
		B8DD8C3114A9370B008A9E8F /* yprog.c in Sources */ = {isa = PBXBuildFile; fileRef = B8DD8C2214A9370B008A9E8F /* yprog.c */; };
		B8DD8C3214A9370B008A9E8F /* ystream.c in Sources */ = {isa = PBXBuildFile; fileRef = B8DD8C2514A9370B008A9E8F /* ystream.c */; };
		B8DD8C3314A9370B008A9E8F /* ytcp.c in Sources */ = {isa = PBXBuildFile; fileRef = B8DD8C2614A9370B008A9E8F /* ytcp.c */; };
		B8DD8BDB14A9360E008A9E8F /* Foundation.framework in Frameworks */ = {isa = PBXBuildFile; fileRef = B8DD8BDA14A9360E008A9E8F /* Foundation.framework */; };
		B8F48A9314A93A3E008FBD0C /* IOKit.framework in Frameworks */ = {isa = PBXBuildFile; fileRef = B8F48A9214A93A3E008FBD0C /* IOKit.framework */; };

		B8A727A817E0CD3A00575b8a8cae /* yocto_accelerometer.m in Sources */ = {isa = PBXBuildFile; fileRef = B8A727A817E0CD3A00574e805e3e /* yocto_accelerometer.m */; };
		B8A727A817E0CD3A0057f9627190 /* yocto_altitude.m in Sources */ = {isa = PBXBuildFile; fileRef = B8A727A817E0CD3A0057f908d263 /* yocto_altitude.m */; };
		B8A727A817E0CD3A00572b0ad650 /* yocto_anbutton.m in Sources */ = {isa = PBXBuildFile; fileRef = B8A727A817E0CD3A00572b6075a3 /* yocto_anbutton.m */; };
		B8A727A817E0CD3A00579802da6a /* yocto_arithmeticsensor.m in Sources */ = {isa = PBXBuildFile; fileRef = B8A727A817E0CD3A005736ca2c0c /* yocto_arithmeticsensor.m */; };
		B8A727A817E0CD3A00572cde749f /* yocto_audioin.m in Sources */ = {isa = PBXBuildFile; fileRef = B8A727A817E0CD3A0057467d879f /* yocto_audioin.m */; };
		B8A727A817E0CD3A005733ba3057 /* yocto_audioout.m in Sources */ = {isa = PBXBuildFile; fileRef = B8A727A817E0CD3A005733d093a4 /* yocto_audioout.m */; };
		B8A727A817E0CD3A00575e792498 /* yocto_bluetoothlink.m in Sources */ = {isa = PBXBuildFile; fileRef = B8A727A817E0CD3A00574b73f608 /* yocto_bluetoothlink.m */; };
		B8A727A817E0CD3A0057f8f11e75 /* yocto_buzzer.m in Sources */ = {isa = PBXBuildFile; fileRef = B8A727A817E0CD3A0057eb22ec64 /* yocto_buzzer.m */; };
		B8A727A817E0CD3A005766ae4107 /* yocto_carbondioxide.m in Sources */ = {isa = PBXBuildFile; fileRef = B8A727A817E0CD3A005773a49397 /* yocto_carbondioxide.m */; };
		B8A727A817E0CD3A00572449715e /* yocto_cellular.m in Sources */ = {isa = PBXBuildFile; fileRef = B8A727A817E0CD3A00572423d2ad /* yocto_cellular.m */; };
		B8A727A817E0CD3A0057a439970 /* yocto_colorled.m in Sources */ = {isa = PBXBuildFile; fileRef = B8A727A817E0CD3A0057a293a83 /* yocto_colorled.m */; };
		B8A727A817E0CD3A005784c907c7 /* yocto_colorledcluster.m in Sources */ = {isa = PBXBuildFile; fileRef = B8A727A817E0CD3A00579d552b2f /* yocto_colorledcluster.m */; };
		B8A727A817E0CD3A0057ca785ec3 /* yocto_compass.m in Sources */ = {isa = PBXBuildFile; fileRef = B8A727A817E0CD3A0057a0dbadc3 /* yocto_compass.m */; };
		B8A727A817E0CD3A0057a9e1010b /* yocto_current.m in Sources */ = {isa = PBXBuildFile; fileRef = B8A727A817E0CD3A0057c342f20b /* yocto_current.m */; };
		B8A727A817E0CD3A00572cc45e6e /* yocto_currentloopoutput.m in Sources */ = {isa = PBXBuildFile; fileRef = B8A727A817E0CD3A005788bb52f5 /* yocto_currentloopoutput.m */; };
		B8A727A817E0CD3A00578edbc807 /* yocto_daisychain.m in Sources */ = {isa = PBXBuildFile; fileRef = B8A727A817E0CD3A0057fe958841 /* yocto_daisychain.m */; };
		B8A727A817E0CD3A00575b29552a /* yocto_digitalio.m in Sources */ = {isa = PBXBuildFile; fileRef = B8A727A817E0CD3A00577f9d9c2f /* yocto_digitalio.m */; };
		B8A727A817E0CD3A00575080036d /* yocto_display.m in Sources */ = {isa = PBXBuildFile; fileRef = B8A727A817E0CD3A00573a23f06d /* yocto_display.m */; };
		B8A727A817E0CD3A0057da1c2fc9 /* yocto_dualpower.m in Sources */ = {isa = PBXBuildFile; fileRef = B8A727A817E0CD3A0057fea8e6cc /* yocto_dualpower.m */; };
		B8A727A817E0CD3A00571a2b723e /* yocto_files.m in Sources */ = {isa = PBXBuildFile; fileRef = B8A727A817E0CD3A0057a5413526 /* yocto_files.m */; };
		B8A727A817E0CD3A005734388c51 /* yocto_genericsensor.m in Sources */ = {isa = PBXBuildFile; fileRef = B8A727A817E0CD3A005721325ec1 /* yocto_genericsensor.m */; };
		B8A727A817E0CD3A0057f9cb27d5 /* yocto_gps.m in Sources */ = {isa = PBXBuildFile; fileRef = B8A727A817E0CD3A0057ff31121 /* yocto_gps.m */; };
		B8A727A817E0CD3A0057879314be /* yocto_groundspeed.m in Sources */ = {isa = PBXBuildFile; fileRef = B8A727A817E0CD3A0057185cbe5b /* yocto_groundspeed.m */; };
		B8A727A817E0CD3A00578e1e131 /* yocto_gyro.m in Sources */ = {isa = PBXBuildFile; fileRef = B8A727A817E0CD3A0057b2c7ef02 /* yocto_gyro.m */; };
		B8A727A817E0CD3A005751dd5295 /* yocto_hubport.m in Sources */ = {isa = PBXBuildFile; fileRef = B8A727A817E0CD3A00573b7ea195 /* yocto_hubport.m */; };
		B8A727A817E0CD3A00578503f1e3 /* yocto_humidity.m in Sources */ = {isa = PBXBuildFile; fileRef = B8A727A817E0CD3A005785695210 /* yocto_humidity.m */; };
		B8A727A817E0CD3A0057c3898696 /* yocto_i2cport.m in Sources */ = {isa = PBXBuildFile; fileRef = B8A727A817E0CD3A0057a92a7596 /* yocto_i2cport.m */; };
		B8A727A817E0CD3A00574605bd7d /* yocto_inputcapture.m in Sources */ = {isa = PBXBuildFile; fileRef = B8A727A817E0CD3A005796fa6420 /* yocto_inputcapture.m */; };
		B8A727A817E0CD3A0057b028fb56 /* yocto_inputchain.m in Sources */ = {isa = PBXBuildFile; fileRef = B8A727A817E0CD3A0057c066bb10 /* yocto_inputchain.m */; };
		B8A727A817E0CD3A0057fdd31d77 /* yocto_latitude.m in Sources */ = {isa = PBXBuildFile; fileRef = B8A727A817E0CD3A0057fdb9be84 /* yocto_latitude.m */; };
		B8A727A817E0CD3A0057f0b5049c /* yocto_led.m in Sources */ = {isa = PBXBuildFile; fileRef = B8A727A817E0CD3A005768d3268 /* yocto_led.m */; };
		B8A727A817E0CD3A00579fb76eb4 /* yocto_lightsensor.m in Sources */ = {isa = PBXBuildFile; fileRef = B8A727A817E0CD3A005778c451 /* yocto_lightsensor.m */; };
		B8A727A817E0CD3A005792c2a69f /* yocto_longitude.m in Sources */ = {isa = PBXBuildFile; fileRef = B8A727A817E0CD3A0057b6766f9a /* yocto_longitude.m */; };
		B8A727A817E0CD3A0057bf8da8a0 /* yocto_magnetometer.m in Sources */ = {isa = PBXBuildFile; fileRef = B8A727A817E0CD3A00576f7271fd /* yocto_magnetometer.m */; };
		B8A727A817E0CD3A0057ec877a8 /* yocto_messagebox.m in Sources */ = {isa = PBXBuildFile; fileRef = B8A727A817E0CD3A00577e8637ee /* yocto_messagebox.m */; };
		B8A727A817E0CD3A0057f09a93c9 /* yocto_motor.m in Sources */ = {isa = PBXBuildFile; fileRef = B8A727A817E0CD3A00574ff0d4d1 /* yocto_motor.m */; };
		B8A727A817E0CD3A005718870972 /* yocto_multiaxiscontroller.m in Sources */ = {isa = PBXBuildFile; fileRef = B8A727A817E0CD3A00578384b2f7 /* yocto_multiaxiscontroller.m */; };
		B8A727A817E0CD3A00578a1d6058 /* yocto_multicellweighscale.m in Sources */ = {isa = PBXBuildFile; fileRef = B8A727A817E0CD3A0057111edbdd /* yocto_multicellweighscale.m */; };
		B8A727A817E0CD3A0057a4a1550c /* yocto_multisenscontroller.m in Sources */ = {isa = PBXBuildFile; fileRef = B8A727A817E0CD3A00573fa2ee89 /* yocto_multisenscontroller.m */; };
		B8A727A817E0CD3A0057500d6735 /* yocto_network.m in Sources */ = {isa = PBXBuildFile; fileRef = B8A727A817E0CD3A00573aae9435 /* yocto_network.m */; };
		B8A727A817E0CD3A0057bb4f030a /* yocto_oscontrol.m in Sources */ = {isa = PBXBuildFile; fileRef = B8A727A817E0CD3A00579ffbca0f /* yocto_oscontrol.m */; };
		B8A727A817E0CD3A0057de8ef473 /* yocto_power.m in Sources */ = {isa = PBXBuildFile; fileRef = B8A727A817E0CD3A005761e4b36b /* yocto_power.m */; };
		B8A727A817E0CD3A0057e42bca4a /* yocto_poweroutput.m in Sources */ = {isa = PBXBuildFile; fileRef = B8A727A817E0CD3A00577be460af /* yocto_poweroutput.m */; };
		B8A727A817E0CD3A00577167277e /* yocto_powersupply.m in Sources */ = {isa = PBXBuildFile; fileRef = B8A727A817E0CD3A0057eea88d9b /* yocto_powersupply.m */; };
		B8A727A817E0CD3A00574ec4c86b /* yocto_pressure.m in Sources */ = {isa = PBXBuildFile; fileRef = B8A727A817E0CD3A00574eae6b98 /* yocto_pressure.m */; };
		B8A727A817E0CD3A00579272e954 /* yocto_proximity.m in Sources */ = {isa = PBXBuildFile; fileRef = B8A727A817E0CD3A0057b6c62051 /* yocto_proximity.m */; };
		B8A727A817E0CD3A0057e3833ada /* yocto_pwminput.m in Sources */ = {isa = PBXBuildFile; fileRef = B8A727A817E0CD3A0057e3e99929 /* yocto_pwminput.m */; };
		B8A727A817E0CD3A005775e09688 /* yocto_pwmoutput.m in Sources */ = {isa = PBXBuildFile; fileRef = B8A727A817E0CD3A005751545f8d /* yocto_pwmoutput.m */; };
		B8A727A817E0CD3A0057b6ccd951 /* yocto_pwmpowersource.m in Sources */ = {isa = PBXBuildFile; fileRef = B8A727A817E0CD3A005746d640c7 /* yocto_pwmpowersource.m */; };
		B8A727A817E0CD3A00571c4e52ab /* yocto_quadraturedecoder.m in Sources */ = {isa = PBXBuildFile; fileRef = B8A727A817E0CD3A0057b8315e30 /* yocto_quadraturedecoder.m */; };
		B8A727A817E0CD3A0057a8217fd7 /* yocto_rangefinder.m in Sources */ = {isa = PBXBuildFile; fileRef = B8A727A817E0CD3A005737eed532 /* yocto_rangefinder.m */; };
		B8A727A817E0CD3A0057b18ea2b9 /* yocto_realtimeclock.m in Sources */ = {isa = PBXBuildFile; fileRef = B8A727A817E0CD3A0057a4847029 /* yocto_realtimeclock.m */; };
		B8A727A817E0CD3A00576fbf264a /* yocto_refframe.m in Sources */ = {isa = PBXBuildFile; fileRef = B8A727A817E0CD3A00576fd585b9 /* yocto_refframe.m */; };
		B8A727A817E0CD3A00577c8d1819 /* yocto_relay.m in Sources */ = {isa = PBXBuildFile; fileRef = B8A727A817E0CD3A0057c3e75f01 /* yocto_relay.m */; };
		B8A727A817E0CD3A00572bdd4945 /* yocto_segmenteddisplay.m in Sources */ = {isa = PBXBuildFile; fileRef = B8A727A817E0CD3A00578515bf23 /* yocto_segmenteddisplay.m */; };
		B8A727A817E0CD3A00573f289fde /* yocto_serialport.m in Sources */ = {isa = PBXBuildFile; fileRef = B8A727A817E0CD3A00574f66df98 /* yocto_serialport.m */; };
		B8A727A817E0CD3A0057d04f8aaa /* yocto_servo.m in Sources */ = {isa = PBXBuildFile; fileRef = B8A727A817E0CD3A00576f25cdb2 /* yocto_servo.m */; };
		B8A727A817E0CD3A005735afd4a7 /* yocto_spiport.m in Sources */ = {isa = PBXBuildFile; fileRef = B8A727A817E0CD3A00575f0c27a7 /* yocto_spiport.m */; };
		B8A727A817E0CD3A0057f8935eb1 /* yocto_steppermotor.m in Sources */ = {isa = PBXBuildFile; fileRef = B8A727A817E0CD3A0057286c87ec /* yocto_steppermotor.m */; };
		B8A727A817E0CD3A0057b726534f /* yocto_temperature.m in Sources */ = {isa = PBXBuildFile; fileRef = B8A727A817E0CD3A005728e9f9aa /* yocto_temperature.m */; };
		B8A727A817E0CD3A00574df66abb /* yocto_tilt.m in Sources */ = {isa = PBXBuildFile; fileRef = B8A727A817E0CD3A0057f7d06488 /* yocto_tilt.m */; };
		B8A727A817E0CD3A0057a49a70f3 /* yocto_tvoc.m in Sources */ = {isa = PBXBuildFile; fileRef = B8A727A817E0CD3A00571ebc7ec0 /* yocto_tvoc.m */; };
		B8A727A817E0CD3A0057b0177d5e /* yocto_voc.m in Sources */ = {isa = PBXBuildFile; fileRef = B8A727A817E0CD3A0057462f4baa /* yocto_voc.m */; };
		B8A727A817E0CD3A0057d6190f55 /* yocto_voltage.m in Sources */ = {isa = PBXBuildFile; fileRef = B8A727A817E0CD3A0057bcbafc55 /* yocto_voltage.m */; };
		B8A727A817E0CD3A005724bec588 /* yocto_voltageoutput.m in Sources */ = {isa = PBXBuildFile; fileRef = B8A727A817E0CD3A005731b41718 /* yocto_voltageoutput.m */; };
		B8A727A817E0CD3A0057c8add713 /* yocto_wakeupmonitor.m in Sources */ = {isa = PBXBuildFile; fileRef = B8A727A817E0CD3A0057dda70583 /* yocto_wakeupmonitor.m */; };
		B8A727A817E0CD3A00578530ec2e /* yocto_wakeupschedule.m in Sources */ = {isa = PBXBuildFile; fileRef = B8A727A817E0CD3A0057752a75b8 /* yocto_wakeupschedule.m */; };
		B8A727A817E0CD3A00577bfc179b /* yocto_watchdog.m in Sources */ = {isa = PBXBuildFile; fileRef = B8A727A817E0CD3A00577b96b468 /* yocto_watchdog.m */; };
		B8A727A817E0CD3A0057322bd59f /* yocto_weighscale.m in Sources */ = {isa = PBXBuildFile; fileRef = B8A727A817E0CD3A0057426595d9 /* yocto_weighscale.m */; };
		B8A727A817E0CD3A0057c28a0113 /* yocto_wireless.m in Sources */ = {isa = PBXBuildFile; fileRef = B8A727A817E0CD3A0057c2e0a2e0 /* yocto_wireless.m */; };

/* End PBXBuildFile section */

/* Begin PBXCopyFilesBuildPhase section */
		B8DD8BD414A9360E008A9E8F /* CopyFiles */ = {
			isa = PBXCopyFilesBuildPhase;
			buildActionMask = 2147483647;
			dstPath = /usr/share/man/man1/;
			dstSubfolderSpec = 0;
			files = (
			);
			runOnlyForDeploymentPostprocessing = 1;
		};
/* End PBXCopyFilesBuildPhase section */

/* Begin PBXFileReference section */
		B845588D14DC315D00425F49 /* ythread.c */ = {isa = PBXFileReference; fileEncoding = 4; lastKnownFileType = sourcecode.c.c; name = ythread.c; path = ../../../Sources/yapi/ythread.c; sourceTree = "<group>"; };
		B845588E14DC315D00425F49 /* ythread.h */ = {isa = PBXFileReference; fileEncoding = 4; lastKnownFileType = sourcecode.c.h; name = ythread.h; path = ../../../Sources/yapi/ythread.h; sourceTree = "<group>"; };
		B853FE1F161B49CA0086F1F5 /* ykey.c */ = {isa = PBXFileReference; fileEncoding = 4; lastKnownFileType = sourcecode.c.c; name = ykey.c; path = ../../../Sources/yapi/ykey.c; sourceTree = "<group>"; };
		B853FE20161B49CA0086F1F5 /* ykey.h */ = {isa = PBXFileReference; fileEncoding = 4; lastKnownFileType = sourcecode.c.h; name = ykey.h; path = ../../../Sources/yapi/ykey.h; sourceTree = "<group>"; };
		B8DD8BD614A9360E008A9E8F /* Example */ = {isa = PBXFileReference; explicitFileType = "compiled.mach-o.executable"; includeInIndex = 0; path = Example; sourceTree = BUILT_PRODUCTS_DIR; };
		B8DD8BDA14A9360E008A9E8F /* Foundation.framework */ = {isa = PBXFileReference; lastKnownFileType = wrapper.framework; name = Foundation.framework; path = System/Library/Frameworks/Foundation.framework; sourceTree = SDKROOT; };
		B8DD8BDD14A9360E008A9E8F /* main.m */ = {isa = PBXFileReference; lastKnownFileType = sourcecode.c.objc; path = main.m; sourceTree = "<group>"; };
		B8DD8BE014A9360E008A9E8F /* Example-Prefix.pch */ = {isa = PBXFileReference; lastKnownFileType = sourcecode.c.h; path = "Example-Prefix.pch"; sourceTree = "<group>"; };
		B8DD8BEB14A936EF008A9E8F /* yocto_api.h */ = {isa = PBXFileReference; fileEncoding = 4; lastKnownFileType = sourcecode.c.h; name = yocto_api.h; path = ../../../Sources/yocto_api.h; sourceTree = "<group>"; };
		B8DD8BEC14A936EF008A9E8F /* yocto_api.m */ = {isa = PBXFileReference; fileEncoding = 4; lastKnownFileType = sourcecode.c.objc; name = yocto_api.m; path = ../../../Sources/yocto_api.m; sourceTree = "<group>"; };
		B8DD8C1414A9370B008A9E8F /* yapi.c */ = {isa = PBXFileReference; fileEncoding = 4; lastKnownFileType = sourcecode.c.c; name = yapi.c; path = ../../../Sources/yapi/yapi.c; sourceTree = "<group>"; };
		B8DD8C1514A9370B008A9E8F /* yapi.h */ = {isa = PBXFileReference; fileEncoding = 4; lastKnownFileType = sourcecode.c.h; name = yapi.h; path = ../../../Sources/yapi/yapi.h; sourceTree = "<group>"; };
		B8DD8C1614A9370B008A9E8F /* ydef.h */ = {isa = PBXFileReference; fileEncoding = 4; lastKnownFileType = sourcecode.c.h; name = ydef.h; path = ../../../Sources/yapi/ydef.h; sourceTree = "<group>"; };
		B8DD8C1714A9370B008A9E8F /* yfifo.c */ = {isa = PBXFileReference; fileEncoding = 4; lastKnownFileType = sourcecode.c.c; name = yfifo.c; path = ../../../Sources/yapi/yfifo.c; sourceTree = "<group>"; };
		B8DD8C1814A9370B008A9E8F /* yfifo.h */ = {isa = PBXFileReference; fileEncoding = 4; lastKnownFileType = sourcecode.c.h; name = yfifo.h; path = ../../../Sources/yapi/yfifo.h; sourceTree = "<group>"; };
		B8DD8C1914A9370B008A9E8F /* yhash.c */ = {isa = PBXFileReference; fileEncoding = 4; lastKnownFileType = sourcecode.c.c; name = yhash.c; path = ../../../Sources/yapi/yhash.c; sourceTree = "<group>"; };
		B8DD8C1A14A9370B008A9E8F /* yhash.h */ = {isa = PBXFileReference; fileEncoding = 4; lastKnownFileType = sourcecode.c.h; name = yhash.h; path = ../../../Sources/yapi/yhash.h; sourceTree = "<group>"; };
		B8DD8C1B14A9370B008A9E8F /* yjson.c */ = {isa = PBXFileReference; fileEncoding = 4; lastKnownFileType = sourcecode.c.c; name = yjson.c; path = ../../../Sources/yapi/yjson.c; sourceTree = "<group>"; };
		B8DD8C1C14A9370B008A9E8F /* yjson.h */ = {isa = PBXFileReference; fileEncoding = 4; lastKnownFileType = sourcecode.c.h; name = yjson.h; path = ../../../Sources/yapi/yjson.h; sourceTree = "<group>"; };
		B8DD8C1D14A9370B008A9E8F /* ymemory.c */ = {isa = PBXFileReference; fileEncoding = 4; lastKnownFileType = sourcecode.c.c; name = ymemory.c; path = ../../../Sources/yapi/ymemory.c; sourceTree = "<group>"; };
		B8DD8C1E14A9370B008A9E8F /* ymemory.h */ = {isa = PBXFileReference; fileEncoding = 4; lastKnownFileType = sourcecode.c.h; name = ymemory.h; path = ../../../Sources/yapi/ymemory.h; sourceTree = "<group>"; };
		B8DD8C1F14A9370B008A9E8F /* ypkt_lin.c */ = {isa = PBXFileReference; fileEncoding = 4; lastKnownFileType = sourcecode.c.c; name = ypkt_lin.c; path = ../../../Sources/yapi/ypkt_lin.c; sourceTree = "<group>"; };
		B8DD8C2014A9370B008A9E8F /* ypkt_osx.c */ = {isa = PBXFileReference; fileEncoding = 4; lastKnownFileType = sourcecode.c.c; name = ypkt_osx.c; path = ../../../Sources/yapi/ypkt_osx.c; sourceTree = "<group>"; };
		B8DD8C2114A9370B008A9E8F /* ypkt_win.c */ = {isa = PBXFileReference; fileEncoding = 4; lastKnownFileType = sourcecode.c.c; name = ypkt_win.c; path = ../../../Sources/yapi/ypkt_win.c; sourceTree = "<group>"; };
		B8DD8C2214A9370B008A9E8F /* yprog.c */ = {isa = PBXFileReference; fileEncoding = 4; lastKnownFileType = sourcecode.c.c; name = yprog.c; path = ../../../Sources/yapi/yprog.c; sourceTree = "<group>"; };
		B8DD8C2314A9370B008A9E8F /* yprog.h */ = {isa = PBXFileReference; fileEncoding = 4; lastKnownFileType = sourcecode.c.h; name = yprog.h; path = ../../../Sources/yapi/yprog.h; sourceTree = "<group>"; };
		B8DD8C2414A9370B008A9E8F /* yproto.h */ = {isa = PBXFileReference; fileEncoding = 4; lastKnownFileType = sourcecode.c.h; name = yproto.h; path = ../../../Sources/yapi/yproto.h; sourceTree = "<group>"; };
		B8DD8C2514A9370B008A9E8F /* ystream.c */ = {isa = PBXFileReference; fileEncoding = 4; lastKnownFileType = sourcecode.c.c; name = ystream.c; path = ../../../Sources/yapi/ystream.c; sourceTree = "<group>"; };
		B8DD8C2614A9370B008A9E8F /* ytcp.c */ = {isa = PBXFileReference; fileEncoding = 4; lastKnownFileType = sourcecode.c.c; name = ytcp.c; path = ../../../Sources/yapi/ytcp.c; sourceTree = "<group>"; };
		B8DD8C2714A9370B008A9E8F /* ytcp.h */ = {isa = PBXFileReference; fileEncoding = 4; lastKnownFileType = sourcecode.c.h; name = ytcp.h; path = ../../../Sources/yapi/ytcp.h; sourceTree = "<group>"; };
		B8DD8C2814A9370B008A9E8F /* yversion.h */ = {isa = PBXFileReference; fileEncoding = 4; lastKnownFileType = sourcecode.c.h; name = yversion.h; path = ../../../Sources/yapi/yversion.h; sourceTree = "<group>"; };
		B8F48A9214A93A3E008FBD0C /* IOKit.framework */ = {isa = PBXFileReference; lastKnownFileType = wrapper.framework; name = IOKit.framework; path = System/Library/Frameworks/IOKit.framework; sourceTree = SDKROOT; };

		B8A727A817E0CD3A00574e805e3e /* yocto_accelerometer.m */ = {isa = PBXFileReference; fileEncoding = 4; lastKnownFileType = sourcecode.c.objc; name = yocto_accelerometer.m; path = ../../../Sources/yocto_accelerometer.m; sourceTree = "<group>"; };
		B8A727A817E0CD3A00573eeaaab1 /* yocto_accelerometer.h */ = {isa = PBXFileReference; fileEncoding = 4; lastKnownFileType = sourcecode.c.h; name = yocto_accelerometer.h; path = ../../../Sources/yocto_accelerometer.h; sourceTree = "<group>"; };
		B8A727A817E0CD3A0057f908d263 /* yocto_altitude.m */ = {isa = PBXFileReference; fileEncoding = 4; lastKnownFileType = sourcecode.c.objc; name = yocto_altitude.m; path = ../../../Sources/yocto_altitude.m; sourceTree = "<group>"; };
		B8A727A817E0CD3A0057896226ec /* yocto_altitude.h */ = {isa = PBXFileReference; fileEncoding = 4; lastKnownFileType = sourcecode.c.h; name = yocto_altitude.h; path = ../../../Sources/yocto_altitude.h; sourceTree = "<group>"; };
		B8A727A817E0CD3A00572b6075a3 /* yocto_anbutton.m */ = {isa = PBXFileReference; fileEncoding = 4; lastKnownFileType = sourcecode.c.objc; name = yocto_anbutton.m; path = ../../../Sources/yocto_anbutton.m; sourceTree = "<group>"; };
		B8A727A817E0CD3A00575b0a812c /* yocto_anbutton.h */ = {isa = PBXFileReference; fileEncoding = 4; lastKnownFileType = sourcecode.c.h; name = yocto_anbutton.h; path = ../../../Sources/yocto_anbutton.h; sourceTree = "<group>"; };
		B8A727A817E0CD3A005736ca2c0c /* yocto_arithmeticsensor.m */ = {isa = PBXFileReference; fileEncoding = 4; lastKnownFileType = sourcecode.c.objc; name = yocto_arithmeticsensor.m; path = ../../../Sources/yocto_arithmeticsensor.m; sourceTree = "<group>"; };
		B8A727A817E0CD3A005746a0d883 /* yocto_arithmeticsensor.h */ = {isa = PBXFileReference; fileEncoding = 4; lastKnownFileType = sourcecode.c.h; name = yocto_arithmeticsensor.h; path = ../../../Sources/yocto_arithmeticsensor.h; sourceTree = "<group>"; };
		B8A727A817E0CD3A0057467d879f /* yocto_audioin.m */ = {isa = PBXFileReference; fileEncoding = 4; lastKnownFileType = sourcecode.c.objc; name = yocto_audioin.m; path = ../../../Sources/yocto_audioin.m; sourceTree = "<group>"; };
		B8A727A817E0CD3A005736177310 /* yocto_audioin.h */ = {isa = PBXFileReference; fileEncoding = 4; lastKnownFileType = sourcecode.c.h; name = yocto_audioin.h; path = ../../../Sources/yocto_audioin.h; sourceTree = "<group>"; };
		B8A727A817E0CD3A005733d093a4 /* yocto_audioout.m */ = {isa = PBXFileReference; fileEncoding = 4; lastKnownFileType = sourcecode.c.objc; name = yocto_audioout.m; path = ../../../Sources/yocto_audioout.m; sourceTree = "<group>"; };
		B8A727A817E0CD3A005743ba672b /* yocto_audioout.h */ = {isa = PBXFileReference; fileEncoding = 4; lastKnownFileType = sourcecode.c.h; name = yocto_audioout.h; path = ../../../Sources/yocto_audioout.h; sourceTree = "<group>"; };
		B8A727A817E0CD3A00574b73f608 /* yocto_bluetoothlink.m */ = {isa = PBXFileReference; fileEncoding = 4; lastKnownFileType = sourcecode.c.objc; name = yocto_bluetoothlink.m; path = ../../../Sources/yocto_bluetoothlink.m; sourceTree = "<group>"; };
		B8A727A817E0CD3A00573b190287 /* yocto_bluetoothlink.h */ = {isa = PBXFileReference; fileEncoding = 4; lastKnownFileType = sourcecode.c.h; name = yocto_bluetoothlink.h; path = ../../../Sources/yocto_bluetoothlink.h; sourceTree = "<group>"; };
		B8A727A817E0CD3A0057eb22ec64 /* yocto_buzzer.m */ = {isa = PBXFileReference; fileEncoding = 4; lastKnownFileType = sourcecode.c.objc; name = yocto_buzzer.m; path = ../../../Sources/yocto_buzzer.m; sourceTree = "<group>"; };
		B8A727A817E0CD3A00579b4818eb /* yocto_buzzer.h */ = {isa = PBXFileReference; fileEncoding = 4; lastKnownFileType = sourcecode.c.h; name = yocto_buzzer.h; path = ../../../Sources/yocto_buzzer.h; sourceTree = "<group>"; };
		B8A727A817E0CD3A005773a49397 /* yocto_carbondioxide.m */ = {isa = PBXFileReference; fileEncoding = 4; lastKnownFileType = sourcecode.c.objc; name = yocto_carbondioxide.m; path = ../../../Sources/yocto_carbondioxide.m; sourceTree = "<group>"; };
		B8A727A817E0CD3A00573ce6718 /* yocto_carbondioxide.h */ = {isa = PBXFileReference; fileEncoding = 4; lastKnownFileType = sourcecode.c.h; name = yocto_carbondioxide.h; path = ../../../Sources/yocto_carbondioxide.h; sourceTree = "<group>"; };
		B8A727A817E0CD3A00572423d2ad /* yocto_cellular.m */ = {isa = PBXFileReference; fileEncoding = 4; lastKnownFileType = sourcecode.c.objc; name = yocto_cellular.m; path = ../../../Sources/yocto_cellular.m; sourceTree = "<group>"; };
		B8A727A817E0CD3A005754492622 /* yocto_cellular.h */ = {isa = PBXFileReference; fileEncoding = 4; lastKnownFileType = sourcecode.c.h; name = yocto_cellular.h; path = ../../../Sources/yocto_cellular.h; sourceTree = "<group>"; };
		B8A727A817E0CD3A0057a293a83 /* yocto_colorled.m */ = {isa = PBXFileReference; fileEncoding = 4; lastKnownFileType = sourcecode.c.objc; name = yocto_colorled.m; path = ../../../Sources/yocto_colorled.m; sourceTree = "<group>"; };
		B8A727A817E0CD3A00577a43ce0c /* yocto_colorled.h */ = {isa = PBXFileReference; fileEncoding = 4; lastKnownFileType = sourcecode.c.h; name = yocto_colorled.h; path = ../../../Sources/yocto_colorled.h; sourceTree = "<group>"; };
		B8A727A817E0CD3A00579d552b2f /* yocto_colorledcluster.m */ = {isa = PBXFileReference; fileEncoding = 4; lastKnownFileType = sourcecode.c.objc; name = yocto_colorledcluster.m; path = ../../../Sources/yocto_colorledcluster.m; sourceTree = "<group>"; };
		B8A727A817E0CD3A0057ed3fdfa0 /* yocto_colorledcluster.h */ = {isa = PBXFileReference; fileEncoding = 4; lastKnownFileType = sourcecode.c.h; name = yocto_colorledcluster.h; path = ../../../Sources/yocto_colorledcluster.h; sourceTree = "<group>"; };
		B8A727A817E0CD3A0057a0dbadc3 /* yocto_compass.m */ = {isa = PBXFileReference; fileEncoding = 4; lastKnownFileType = sourcecode.c.objc; name = yocto_compass.m; path = ../../../Sources/yocto_compass.m; sourceTree = "<group>"; };
		B8A727A817E0CD3A0057d0b1594c /* yocto_compass.h */ = {isa = PBXFileReference; fileEncoding = 4; lastKnownFileType = sourcecode.c.h; name = yocto_compass.h; path = ../../../Sources/yocto_compass.h; sourceTree = "<group>"; };
		B8A727A817E0CD3A0057c342f20b /* yocto_current.m */ = {isa = PBXFileReference; fileEncoding = 4; lastKnownFileType = sourcecode.c.objc; name = yocto_current.m; path = ../../../Sources/yocto_current.m; sourceTree = "<group>"; };
		B8A727A817E0CD3A0057b3280684 /* yocto_current.h */ = {isa = PBXFileReference; fileEncoding = 4; lastKnownFileType = sourcecode.c.h; name = yocto_current.h; path = ../../../Sources/yocto_current.h; sourceTree = "<group>"; };
		B8A727A817E0CD3A005788bb52f5 /* yocto_currentloopoutput.m */ = {isa = PBXFileReference; fileEncoding = 4; lastKnownFileType = sourcecode.c.objc; name = yocto_currentloopoutput.m; path = ../../../Sources/yocto_currentloopoutput.m; sourceTree = "<group>"; };
		B8A727A817E0CD3A0057f8d1a67a /* yocto_currentloopoutput.h */ = {isa = PBXFileReference; fileEncoding = 4; lastKnownFileType = sourcecode.c.h; name = yocto_currentloopoutput.h; path = ../../../Sources/yocto_currentloopoutput.h; sourceTree = "<group>"; };
		B8A727A817E0CD3A0057fe958841 /* yocto_daisychain.m */ = {isa = PBXFileReference; fileEncoding = 4; lastKnownFileType = sourcecode.c.objc; name = yocto_daisychain.m; path = ../../../Sources/yocto_daisychain.m; sourceTree = "<group>"; };
		B8A727A817E0CD3A00578eff7cce /* yocto_daisychain.h */ = {isa = PBXFileReference; fileEncoding = 4; lastKnownFileType = sourcecode.c.h; name = yocto_daisychain.h; path = ../../../Sources/yocto_daisychain.h; sourceTree = "<group>"; };
		B8A727A817E0CD3A00577f9d9c2f /* yocto_digitalio.m */ = {isa = PBXFileReference; fileEncoding = 4; lastKnownFileType = sourcecode.c.objc; name = yocto_digitalio.m; path = ../../../Sources/yocto_digitalio.m; sourceTree = "<group>"; };
		B8A727A817E0CD3A0057ff768a0 /* yocto_digitalio.h */ = {isa = PBXFileReference; fileEncoding = 4; lastKnownFileType = sourcecode.c.h; name = yocto_digitalio.h; path = ../../../Sources/yocto_digitalio.h; sourceTree = "<group>"; };
		B8A727A817E0CD3A00573a23f06d /* yocto_display.m */ = {isa = PBXFileReference; fileEncoding = 4; lastKnownFileType = sourcecode.c.objc; name = yocto_display.m; path = ../../../Sources/yocto_display.m; sourceTree = "<group>"; };
		B8A727A817E0CD3A00574a4904e2 /* yocto_display.h */ = {isa = PBXFileReference; fileEncoding = 4; lastKnownFileType = sourcecode.c.h; name = yocto_display.h; path = ../../../Sources/yocto_display.h; sourceTree = "<group>"; };
		B8A727A817E0CD3A0057fea8e6cc /* yocto_dualpower.m */ = {isa = PBXFileReference; fileEncoding = 4; lastKnownFileType = sourcecode.c.objc; name = yocto_dualpower.m; path = ../../../Sources/yocto_dualpower.m; sourceTree = "<group>"; };
		B8A727A817E0CD3A00578ec21243 /* yocto_dualpower.h */ = {isa = PBXFileReference; fileEncoding = 4; lastKnownFileType = sourcecode.c.h; name = yocto_dualpower.h; path = ../../../Sources/yocto_dualpower.h; sourceTree = "<group>"; };
		B8A727A817E0CD3A0057a5413526 /* yocto_files.m */ = {isa = PBXFileReference; fileEncoding = 4; lastKnownFileType = sourcecode.c.objc; name = yocto_files.m; path = ../../../Sources/yocto_files.m; sourceTree = "<group>"; };
		B8A727A817E0CD3A0057d52bc1a9 /* yocto_files.h */ = {isa = PBXFileReference; fileEncoding = 4; lastKnownFileType = sourcecode.c.h; name = yocto_files.h; path = ../../../Sources/yocto_files.h; sourceTree = "<group>"; };
		B8A727A817E0CD3A005721325ec1 /* yocto_genericsensor.m */ = {isa = PBXFileReference; fileEncoding = 4; lastKnownFileType = sourcecode.c.objc; name = yocto_genericsensor.m; path = ../../../Sources/yocto_genericsensor.m; sourceTree = "<group>"; };
		B8A727A817E0CD3A00575158aa4e /* yocto_genericsensor.h */ = {isa = PBXFileReference; fileEncoding = 4; lastKnownFileType = sourcecode.c.h; name = yocto_genericsensor.h; path = ../../../Sources/yocto_genericsensor.h; sourceTree = "<group>"; };
		B8A727A817E0CD3A0057ff31121 /* yocto_gps.m */ = {isa = PBXFileReference; fileEncoding = 4; lastKnownFileType = sourcecode.c.objc; name = yocto_gps.m; path = ../../../Sources/yocto_gps.m; sourceTree = "<group>"; };
		B8A727A817E0CD3A00577f99e5ae /* yocto_gps.h */ = {isa = PBXFileReference; fileEncoding = 4; lastKnownFileType = sourcecode.c.h; name = yocto_gps.h; path = ../../../Sources/yocto_gps.h; sourceTree = "<group>"; };
		B8A727A817E0CD3A0057185cbe5b /* yocto_groundspeed.m */ = {isa = PBXFileReference; fileEncoding = 4; lastKnownFileType = sourcecode.c.objc; name = yocto_groundspeed.m; path = ../../../Sources/yocto_groundspeed.m; sourceTree = "<group>"; };
		B8A727A817E0CD3A005768364ad4 /* yocto_groundspeed.h */ = {isa = PBXFileReference; fileEncoding = 4; lastKnownFileType = sourcecode.c.h; name = yocto_groundspeed.h; path = ../../../Sources/yocto_groundspeed.h; sourceTree = "<group>"; };
		B8A727A817E0CD3A0057b2c7ef02 /* yocto_gyro.m */ = {isa = PBXFileReference; fileEncoding = 4; lastKnownFileType = sourcecode.c.objc; name = yocto_gyro.m; path = ../../../Sources/yocto_gyro.m; sourceTree = "<group>"; };
		B8A727A817E0CD3A0057c2ad1b8d /* yocto_gyro.h */ = {isa = PBXFileReference; fileEncoding = 4; lastKnownFileType = sourcecode.c.h; name = yocto_gyro.h; path = ../../../Sources/yocto_gyro.h; sourceTree = "<group>"; };
		B8A727A817E0CD3A00573b7ea195 /* yocto_hubport.m */ = {isa = PBXFileReference; fileEncoding = 4; lastKnownFileType = sourcecode.c.objc; name = yocto_hubport.m; path = ../../../Sources/yocto_hubport.m; sourceTree = "<group>"; };
		B8A727A817E0CD3A00574b14551a /* yocto_hubport.h */ = {isa = PBXFileReference; fileEncoding = 4; lastKnownFileType = sourcecode.c.h; name = yocto_hubport.h; path = ../../../Sources/yocto_hubport.h; sourceTree = "<group>"; };
		B8A727A817E0CD3A005785695210 /* yocto_humidity.m */ = {isa = PBXFileReference; fileEncoding = 4; lastKnownFileType = sourcecode.c.objc; name = yocto_humidity.m; path = ../../../Sources/yocto_humidity.m; sourceTree = "<group>"; };
		B8A727A817E0CD3A0057f503a69f /* yocto_humidity.h */ = {isa = PBXFileReference; fileEncoding = 4; lastKnownFileType = sourcecode.c.h; name = yocto_humidity.h; path = ../../../Sources/yocto_humidity.h; sourceTree = "<group>"; };
		B8A727A817E0CD3A0057a92a7596 /* yocto_i2cport.m */ = {isa = PBXFileReference; fileEncoding = 4; lastKnownFileType = sourcecode.c.objc; name = yocto_i2cport.m; path = ../../../Sources/yocto_i2cport.m; sourceTree = "<group>"; };
		B8A727A817E0CD3A0057d9408119 /* yocto_i2cport.h */ = {isa = PBXFileReference; fileEncoding = 4; lastKnownFileType = sourcecode.c.h; name = yocto_i2cport.h; path = ../../../Sources/yocto_i2cport.h; sourceTree = "<group>"; };
		B8A727A817E0CD3A005796fa6420 /* yocto_inputcapture.m */ = {isa = PBXFileReference; fileEncoding = 4; lastKnownFileType = sourcecode.c.objc; name = yocto_inputcapture.m; path = ../../../Sources/yocto_inputcapture.m; sourceTree = "<group>"; };
		B8A727A817E0CD3A0057e69090af /* yocto_inputcapture.h */ = {isa = PBXFileReference; fileEncoding = 4; lastKnownFileType = sourcecode.c.h; name = yocto_inputcapture.h; path = ../../../Sources/yocto_inputcapture.h; sourceTree = "<group>"; };
		B8A727A817E0CD3A0057c066bb10 /* yocto_inputchain.m */ = {isa = PBXFileReference; fileEncoding = 4; lastKnownFileType = sourcecode.c.objc; name = yocto_inputchain.m; path = ../../../Sources/yocto_inputchain.m; sourceTree = "<group>"; };
		B8A727A817E0CD3A0057b00c4f9f /* yocto_inputchain.h */ = {isa = PBXFileReference; fileEncoding = 4; lastKnownFileType = sourcecode.c.h; name = yocto_inputchain.h; path = ../../../Sources/yocto_inputchain.h; sourceTree = "<group>"; };
		B8A727A817E0CD3A0057fdb9be84 /* yocto_latitude.m */ = {isa = PBXFileReference; fileEncoding = 4; lastKnownFileType = sourcecode.c.objc; name = yocto_latitude.m; path = ../../../Sources/yocto_latitude.m; sourceTree = "<group>"; };
		B8A727A817E0CD3A00578dd34a0b /* yocto_latitude.h */ = {isa = PBXFileReference; fileEncoding = 4; lastKnownFileType = sourcecode.c.h; name = yocto_latitude.h; path = ../../../Sources/yocto_latitude.h; sourceTree = "<group>"; };
		B8A727A817E0CD3A005768d3268 /* yocto_led.m */ = {isa = PBXFileReference; fileEncoding = 4; lastKnownFileType = sourcecode.c.objc; name = yocto_led.m; path = ../../../Sources/yocto_led.m; sourceTree = "<group>"; };
		B8A727A817E0CD3A005776e7c6e7 /* yocto_led.h */ = {isa = PBXFileReference; fileEncoding = 4; lastKnownFileType = sourcecode.c.h; name = yocto_led.h; path = ../../../Sources/yocto_led.h; sourceTree = "<group>"; };
		B8A727A817E0CD3A005778c451 /* yocto_lightsensor.m */ = {isa = PBXFileReference; fileEncoding = 4; lastKnownFileType = sourcecode.c.objc; name = yocto_lightsensor.m; path = ../../../Sources/yocto_lightsensor.m; sourceTree = "<group>"; };
		B8A727A817E0CD3A0057701230de /* yocto_lightsensor.h */ = {isa = PBXFileReference; fileEncoding = 4; lastKnownFileType = sourcecode.c.h; name = yocto_lightsensor.h; path = ../../../Sources/yocto_lightsensor.h; sourceTree = "<group>"; };
		B8A727A817E0CD3A0057b6766f9a /* yocto_longitude.m */ = {isa = PBXFileReference; fileEncoding = 4; lastKnownFileType = sourcecode.c.objc; name = yocto_longitude.m; path = ../../../Sources/yocto_longitude.m; sourceTree = "<group>"; };
		B8A727A817E0CD3A0057c61c9b15 /* yocto_longitude.h */ = {isa = PBXFileReference; fileEncoding = 4; lastKnownFileType = sourcecode.c.h; name = yocto_longitude.h; path = ../../../Sources/yocto_longitude.h; sourceTree = "<group>"; };
		B8A727A817E0CD3A00576f7271fd /* yocto_magnetometer.m */ = {isa = PBXFileReference; fileEncoding = 4; lastKnownFileType = sourcecode.c.objc; name = yocto_magnetometer.m; path = ../../../Sources/yocto_magnetometer.m; sourceTree = "<group>"; };
		B8A727A817E0CD3A00571f188572 /* yocto_magnetometer.h */ = {isa = PBXFileReference; fileEncoding = 4; lastKnownFileType = sourcecode.c.h; name = yocto_magnetometer.h; path = ../../../Sources/yocto_magnetometer.h; sourceTree = "<group>"; };
		B8A727A817E0CD3A00577e8637ee /* yocto_messagebox.m */ = {isa = PBXFileReference; fileEncoding = 4; lastKnownFileType = sourcecode.c.objc; name = yocto_messagebox.m; path = ../../../Sources/yocto_messagebox.m; sourceTree = "<group>"; };
		B8A727A817E0CD3A0057eecc361 /* yocto_messagebox.h */ = {isa = PBXFileReference; fileEncoding = 4; lastKnownFileType = sourcecode.c.h; name = yocto_messagebox.h; path = ../../../Sources/yocto_messagebox.h; sourceTree = "<group>"; };
		B8A727A817E0CD3A00574ff0d4d1 /* yocto_motor.m */ = {isa = PBXFileReference; fileEncoding = 4; lastKnownFileType = sourcecode.c.objc; name = yocto_motor.m; path = ../../../Sources/yocto_motor.m; sourceTree = "<group>"; };
		B8A727A817E0CD3A00573f9a205e /* yocto_motor.h */ = {isa = PBXFileReference; fileEncoding = 4; lastKnownFileType = sourcecode.c.h; name = yocto_motor.h; path = ../../../Sources/yocto_motor.h; sourceTree = "<group>"; };
		B8A727A817E0CD3A00578384b2f7 /* yocto_multiaxiscontroller.m */ = {isa = PBXFileReference; fileEncoding = 4; lastKnownFileType = sourcecode.c.objc; name = yocto_multiaxiscontroller.m; path = ../../../Sources/yocto_multiaxiscontroller.m; sourceTree = "<group>"; };
		B8A727A817E0CD3A0057f3ee4678 /* yocto_multiaxiscontroller.h */ = {isa = PBXFileReference; fileEncoding = 4; lastKnownFileType = sourcecode.c.h; name = yocto_multiaxiscontroller.h; path = ../../../Sources/yocto_multiaxiscontroller.h; sourceTree = "<group>"; };
		B8A727A817E0CD3A0057111edbdd /* yocto_multicellweighscale.m */ = {isa = PBXFileReference; fileEncoding = 4; lastKnownFileType = sourcecode.c.objc; name = yocto_multicellweighscale.m; path = ../../../Sources/yocto_multicellweighscale.m; sourceTree = "<group>"; };
		B8A727A817E0CD3A005761742f52 /* yocto_multicellweighscale.h */ = {isa = PBXFileReference; fileEncoding = 4; lastKnownFileType = sourcecode.c.h; name = yocto_multicellweighscale.h; path = ../../../Sources/yocto_multicellweighscale.h; sourceTree = "<group>"; };
		B8A727A817E0CD3A00573fa2ee89 /* yocto_multisenscontroller.m */ = {isa = PBXFileReference; fileEncoding = 4; lastKnownFileType = sourcecode.c.objc; name = yocto_multisenscontroller.m; path = ../../../Sources/yocto_multisenscontroller.m; sourceTree = "<group>"; };
		B8A727A817E0CD3A00574fc81a06 /* yocto_multisenscontroller.h */ = {isa = PBXFileReference; fileEncoding = 4; lastKnownFileType = sourcecode.c.h; name = yocto_multisenscontroller.h; path = ../../../Sources/yocto_multisenscontroller.h; sourceTree = "<group>"; };
		B8A727A817E0CD3A00573aae9435 /* yocto_network.m */ = {isa = PBXFileReference; fileEncoding = 4; lastKnownFileType = sourcecode.c.objc; name = yocto_network.m; path = ../../../Sources/yocto_network.m; sourceTree = "<group>"; };
		B8A727A817E0CD3A00574ac460ba /* yocto_network.h */ = {isa = PBXFileReference; fileEncoding = 4; lastKnownFileType = sourcecode.c.h; name = yocto_network.h; path = ../../../Sources/yocto_network.h; sourceTree = "<group>"; };
		B8A727A817E0CD3A00579ffbca0f /* yocto_oscontrol.m */ = {isa = PBXFileReference; fileEncoding = 4; lastKnownFileType = sourcecode.c.objc; name = yocto_oscontrol.m; path = ../../../Sources/yocto_oscontrol.m; sourceTree = "<group>"; };
		B8A727A817E0CD3A0057ef913e80 /* yocto_oscontrol.h */ = {isa = PBXFileReference; fileEncoding = 4; lastKnownFileType = sourcecode.c.h; name = yocto_oscontrol.h; path = ../../../Sources/yocto_oscontrol.h; sourceTree = "<group>"; };
		B8A727A817E0CD3A005761e4b36b /* yocto_power.m */ = {isa = PBXFileReference; fileEncoding = 4; lastKnownFileType = sourcecode.c.objc; name = yocto_power.m; path = ../../../Sources/yocto_power.m; sourceTree = "<group>"; };
		B8A727A817E0CD3A0057118e47e4 /* yocto_power.h */ = {isa = PBXFileReference; fileEncoding = 4; lastKnownFileType = sourcecode.c.h; name = yocto_power.h; path = ../../../Sources/yocto_power.h; sourceTree = "<group>"; };
		B8A727A817E0CD3A00577be460af /* yocto_poweroutput.m */ = {isa = PBXFileReference; fileEncoding = 4; lastKnownFileType = sourcecode.c.objc; name = yocto_poweroutput.m; path = ../../../Sources/yocto_poweroutput.m; sourceTree = "<group>"; };
		B8A727A817E0CD3A0057b8e9420 /* yocto_poweroutput.h */ = {isa = PBXFileReference; fileEncoding = 4; lastKnownFileType = sourcecode.c.h; name = yocto_poweroutput.h; path = ../../../Sources/yocto_poweroutput.h; sourceTree = "<group>"; };
		B8A727A817E0CD3A0057eea88d9b /* yocto_powersupply.m */ = {isa = PBXFileReference; fileEncoding = 4; lastKnownFileType = sourcecode.c.objc; name = yocto_powersupply.m; path = ../../../Sources/yocto_powersupply.m; sourceTree = "<group>"; };
		B8A727A817E0CD3A00579ec27914 /* yocto_powersupply.h */ = {isa = PBXFileReference; fileEncoding = 4; lastKnownFileType = sourcecode.c.h; name = yocto_powersupply.h; path = ../../../Sources/yocto_powersupply.h; sourceTree = "<group>"; };
		B8A727A817E0CD3A00574eae6b98 /* yocto_pressure.m */ = {isa = PBXFileReference; fileEncoding = 4; lastKnownFileType = sourcecode.c.objc; name = yocto_pressure.m; path = ../../../Sources/yocto_pressure.m; sourceTree = "<group>"; };
		B8A727A817E0CD3A00573ec49f17 /* yocto_pressure.h */ = {isa = PBXFileReference; fileEncoding = 4; lastKnownFileType = sourcecode.c.h; name = yocto_pressure.h; path = ../../../Sources/yocto_pressure.h; sourceTree = "<group>"; };
		B8A727A817E0CD3A0057b6c62051 /* yocto_proximity.m */ = {isa = PBXFileReference; fileEncoding = 4; lastKnownFileType = sourcecode.c.objc; name = yocto_proximity.m; path = ../../../Sources/yocto_proximity.m; sourceTree = "<group>"; };
		B8A727A817E0CD3A0057c6acd4de /* yocto_proximity.h */ = {isa = PBXFileReference; fileEncoding = 4; lastKnownFileType = sourcecode.c.h; name = yocto_proximity.h; path = ../../../Sources/yocto_proximity.h; sourceTree = "<group>"; };
		B8A727A817E0CD3A0057e3e99929 /* yocto_pwminput.m */ = {isa = PBXFileReference; fileEncoding = 4; lastKnownFileType = sourcecode.c.objc; name = yocto_pwminput.m; path = ../../../Sources/yocto_pwminput.m; sourceTree = "<group>"; };
		B8A727A817E0CD3A005793836da6 /* yocto_pwminput.h */ = {isa = PBXFileReference; fileEncoding = 4; lastKnownFileType = sourcecode.c.h; name = yocto_pwminput.h; path = ../../../Sources/yocto_pwminput.h; sourceTree = "<group>"; };
		B8A727A817E0CD3A005751545f8d /* yocto_pwmoutput.m */ = {isa = PBXFileReference; fileEncoding = 4; lastKnownFileType = sourcecode.c.objc; name = yocto_pwmoutput.m; path = ../../../Sources/yocto_pwmoutput.m; sourceTree = "<group>"; };
		B8A727A817E0CD3A0057213eab02 /* yocto_pwmoutput.h */ = {isa = PBXFileReference; fileEncoding = 4; lastKnownFileType = sourcecode.c.h; name = yocto_pwmoutput.h; path = ../../../Sources/yocto_pwmoutput.h; sourceTree = "<group>"; };
		B8A727A817E0CD3A005746d640c7 /* yocto_pwmpowersource.m */ = {isa = PBXFileReference; fileEncoding = 4; lastKnownFileType = sourcecode.c.objc; name = yocto_pwmpowersource.m; path = ../../../Sources/yocto_pwmpowersource.m; sourceTree = "<group>"; };
		B8A727A817E0CD3A005736bcb448 /* yocto_pwmpowersource.h */ = {isa = PBXFileReference; fileEncoding = 4; lastKnownFileType = sourcecode.c.h; name = yocto_pwmpowersource.h; path = ../../../Sources/yocto_pwmpowersource.h; sourceTree = "<group>"; };
		B8A727A817E0CD3A0057b8315e30 /* yocto_quadraturedecoder.m */ = {isa = PBXFileReference; fileEncoding = 4; lastKnownFileType = sourcecode.c.objc; name = yocto_quadraturedecoder.m; path = ../../../Sources/yocto_quadraturedecoder.m; sourceTree = "<group>"; };
		B8A727A817E0CD3A0057c85baabf /* yocto_quadraturedecoder.h */ = {isa = PBXFileReference; fileEncoding = 4; lastKnownFileType = sourcecode.c.h; name = yocto_quadraturedecoder.h; path = ../../../Sources/yocto_quadraturedecoder.h; sourceTree = "<group>"; };
		B8A727A817E0CD3A005737eed532 /* yocto_rangefinder.m */ = {isa = PBXFileReference; fileEncoding = 4; lastKnownFileType = sourcecode.c.objc; name = yocto_rangefinder.m; path = ../../../Sources/yocto_rangefinder.m; sourceTree = "<group>"; };
		B8A727A817E0CD3A0057478421bd /* yocto_rangefinder.h */ = {isa = PBXFileReference; fileEncoding = 4; lastKnownFileType = sourcecode.c.h; name = yocto_rangefinder.h; path = ../../../Sources/yocto_rangefinder.h; sourceTree = "<group>"; };
		B8A727A817E0CD3A0057a4847029 /* yocto_realtimeclock.m */ = {isa = PBXFileReference; fileEncoding = 4; lastKnownFileType = sourcecode.c.objc; name = yocto_realtimeclock.m; path = ../../../Sources/yocto_realtimeclock.m; sourceTree = "<group>"; };
		B8A727A817E0CD3A0057d4ee84a6 /* yocto_realtimeclock.h */ = {isa = PBXFileReference; fileEncoding = 4; lastKnownFileType = sourcecode.c.h; name = yocto_realtimeclock.h; path = ../../../Sources/yocto_realtimeclock.h; sourceTree = "<group>"; };
		B8A727A817E0CD3A00576fd585b9 /* yocto_refframe.m */ = {isa = PBXFileReference; fileEncoding = 4; lastKnownFileType = sourcecode.c.objc; name = yocto_refframe.m; path = ../../../Sources/yocto_refframe.m; sourceTree = "<group>"; };
		B8A727A817E0CD3A00571fbf7136 /* yocto_refframe.h */ = {isa = PBXFileReference; fileEncoding = 4; lastKnownFileType = sourcecode.c.h; name = yocto_refframe.h; path = ../../../Sources/yocto_refframe.h; sourceTree = "<group>"; };
		B8A727A817E0CD3A0057c3e75f01 /* yocto_relay.m */ = {isa = PBXFileReference; fileEncoding = 4; lastKnownFileType = sourcecode.c.objc; name = yocto_relay.m; path = ../../../Sources/yocto_relay.m; sourceTree = "<group>"; };
		B8A727A817E0CD3A0057b38dab8e /* yocto_relay.h */ = {isa = PBXFileReference; fileEncoding = 4; lastKnownFileType = sourcecode.c.h; name = yocto_relay.h; path = ../../../Sources/yocto_relay.h; sourceTree = "<group>"; };
		B8A727A817E0CD3A00578515bf23 /* yocto_segmenteddisplay.m */ = {isa = PBXFileReference; fileEncoding = 4; lastKnownFileType = sourcecode.c.objc; name = yocto_segmenteddisplay.m; path = ../../../Sources/yocto_segmenteddisplay.m; sourceTree = "<group>"; };
		B8A727A817E0CD3A0057f57f4bac /* yocto_segmenteddisplay.h */ = {isa = PBXFileReference; fileEncoding = 4; lastKnownFileType = sourcecode.c.h; name = yocto_segmenteddisplay.h; path = ../../../Sources/yocto_segmenteddisplay.h; sourceTree = "<group>"; };
		B8A727A817E0CD3A00574f66df98 /* yocto_serialport.m */ = {isa = PBXFileReference; fileEncoding = 4; lastKnownFileType = sourcecode.c.objc; name = yocto_serialport.m; path = ../../../Sources/yocto_serialport.m; sourceTree = "<group>"; };
		B8A727A817E0CD3A00573f0c2b17 /* yocto_serialport.h */ = {isa = PBXFileReference; fileEncoding = 4; lastKnownFileType = sourcecode.c.h; name = yocto_serialport.h; path = ../../../Sources/yocto_serialport.h; sourceTree = "<group>"; };
		B8A727A817E0CD3A00576f25cdb2 /* yocto_servo.m */ = {isa = PBXFileReference; fileEncoding = 4; lastKnownFileType = sourcecode.c.objc; name = yocto_servo.m; path = ../../../Sources/yocto_servo.m; sourceTree = "<group>"; };
		B8A727A817E0CD3A00571f4f393d /* yocto_servo.h */ = {isa = PBXFileReference; fileEncoding = 4; lastKnownFileType = sourcecode.c.h; name = yocto_servo.h; path = ../../../Sources/yocto_servo.h; sourceTree = "<group>"; };
		B8A727A817E0CD3A00575f0c27a7 /* yocto_spiport.m */ = {isa = PBXFileReference; fileEncoding = 4; lastKnownFileType = sourcecode.c.objc; name = yocto_spiport.m; path = ../../../Sources/yocto_spiport.m; sourceTree = "<group>"; };
		B8A727A817E0CD3A00572f66d328 /* yocto_spiport.h */ = {isa = PBXFileReference; fileEncoding = 4; lastKnownFileType = sourcecode.c.h; name = yocto_spiport.h; path = ../../../Sources/yocto_spiport.h; sourceTree = "<group>"; };
		B8A727A817E0CD3A0057286c87ec /* yocto_steppermotor.m */ = {isa = PBXFileReference; fileEncoding = 4; lastKnownFileType = sourcecode.c.objc; name = yocto_steppermotor.m; path = ../../../Sources/yocto_steppermotor.m; sourceTree = "<group>"; };
		B8A727A817E0CD3A005758067363 /* yocto_steppermotor.h */ = {isa = PBXFileReference; fileEncoding = 4; lastKnownFileType = sourcecode.c.h; name = yocto_steppermotor.h; path = ../../../Sources/yocto_steppermotor.h; sourceTree = "<group>"; };
		B8A727A817E0CD3A005728e9f9aa /* yocto_temperature.m */ = {isa = PBXFileReference; fileEncoding = 4; lastKnownFileType = sourcecode.c.objc; name = yocto_temperature.m; path = ../../../Sources/yocto_temperature.m; sourceTree = "<group>"; };
		B8A727A817E0CD3A005758830d25 /* yocto_temperature.h */ = {isa = PBXFileReference; fileEncoding = 4; lastKnownFileType = sourcecode.c.h; name = yocto_temperature.h; path = ../../../Sources/yocto_temperature.h; sourceTree = "<group>"; };
		B8A727A817E0CD3A0057f7d06488 /* yocto_tilt.m */ = {isa = PBXFileReference; fileEncoding = 4; lastKnownFileType = sourcecode.c.objc; name = yocto_tilt.m; path = ../../../Sources/yocto_tilt.m; sourceTree = "<group>"; };
		B8A727A817E0CD3A005787ba9007 /* yocto_tilt.h */ = {isa = PBXFileReference; fileEncoding = 4; lastKnownFileType = sourcecode.c.h; name = yocto_tilt.h; path = ../../../Sources/yocto_tilt.h; sourceTree = "<group>"; };
		B8A727A817E0CD3A00571ebc7ec0 /* yocto_tvoc.m */ = {isa = PBXFileReference; fileEncoding = 4; lastKnownFileType = sourcecode.c.objc; name = yocto_tvoc.m; path = ../../../Sources/yocto_tvoc.m; sourceTree = "<group>"; };
		B8A727A817E0CD3A00576ed68a4f /* yocto_tvoc.h */ = {isa = PBXFileReference; fileEncoding = 4; lastKnownFileType = sourcecode.c.h; name = yocto_tvoc.h; path = ../../../Sources/yocto_tvoc.h; sourceTree = "<group>"; };
		B8A727A817E0CD3A0057462f4baa /* yocto_voc.m */ = {isa = PBXFileReference; fileEncoding = 4; lastKnownFileType = sourcecode.c.objc; name = yocto_voc.m; path = ../../../Sources/yocto_voc.m; sourceTree = "<group>"; };
		B8A727A817E0CD3A00573645bf25 /* yocto_voc.h */ = {isa = PBXFileReference; fileEncoding = 4; lastKnownFileType = sourcecode.c.h; name = yocto_voc.h; path = ../../../Sources/yocto_voc.h; sourceTree = "<group>"; };
		B8A727A817E0CD3A0057bcbafc55 /* yocto_voltage.m */ = {isa = PBXFileReference; fileEncoding = 4; lastKnownFileType = sourcecode.c.objc; name = yocto_voltage.m; path = ../../../Sources/yocto_voltage.m; sourceTree = "<group>"; };
		B8A727A817E0CD3A0057ccd008da /* yocto_voltage.h */ = {isa = PBXFileReference; fileEncoding = 4; lastKnownFileType = sourcecode.c.h; name = yocto_voltage.h; path = ../../../Sources/yocto_voltage.h; sourceTree = "<group>"; };
		B8A727A817E0CD3A005731b41718 /* yocto_voltageoutput.m */ = {isa = PBXFileReference; fileEncoding = 4; lastKnownFileType = sourcecode.c.objc; name = yocto_voltageoutput.m; path = ../../../Sources/yocto_voltageoutput.m; sourceTree = "<group>"; };
		B8A727A817E0CD3A005741dee397 /* yocto_voltageoutput.h */ = {isa = PBXFileReference; fileEncoding = 4; lastKnownFileType = sourcecode.c.h; name = yocto_voltageoutput.h; path = ../../../Sources/yocto_voltageoutput.h; sourceTree = "<group>"; };
		B8A727A817E0CD3A0057dda70583 /* yocto_wakeupmonitor.m */ = {isa = PBXFileReference; fileEncoding = 4; lastKnownFileType = sourcecode.c.objc; name = yocto_wakeupmonitor.m; path = ../../../Sources/yocto_wakeupmonitor.m; sourceTree = "<group>"; };
		B8A727A817E0CD3A0057adcdf10c /* yocto_wakeupmonitor.h */ = {isa = PBXFileReference; fileEncoding = 4; lastKnownFileType = sourcecode.c.h; name = yocto_wakeupmonitor.h; path = ../../../Sources/yocto_wakeupmonitor.h; sourceTree = "<group>"; };
		B8A727A817E0CD3A0057752a75b8 /* yocto_wakeupschedule.m */ = {isa = PBXFileReference; fileEncoding = 4; lastKnownFileType = sourcecode.c.objc; name = yocto_wakeupschedule.m; path = ../../../Sources/yocto_wakeupschedule.m; sourceTree = "<group>"; };
		B8A727A817E0CD3A00575408137 /* yocto_wakeupschedule.h */ = {isa = PBXFileReference; fileEncoding = 4; lastKnownFileType = sourcecode.c.h; name = yocto_wakeupschedule.h; path = ../../../Sources/yocto_wakeupschedule.h; sourceTree = "<group>"; };
		B8A727A817E0CD3A00577b96b468 /* yocto_watchdog.m */ = {isa = PBXFileReference; fileEncoding = 4; lastKnownFileType = sourcecode.c.objc; name = yocto_watchdog.m; path = ../../../Sources/yocto_watchdog.m; sourceTree = "<group>"; };
		B8A727A817E0CD3A0057bfc40e7 /* yocto_watchdog.h */ = {isa = PBXFileReference; fileEncoding = 4; lastKnownFileType = sourcecode.c.h; name = yocto_watchdog.h; path = ../../../Sources/yocto_watchdog.h; sourceTree = "<group>"; };
		B8A727A817E0CD3A0057426595d9 /* yocto_weighscale.m */ = {isa = PBXFileReference; fileEncoding = 4; lastKnownFileType = sourcecode.c.objc; name = yocto_weighscale.m; path = ../../../Sources/yocto_weighscale.m; sourceTree = "<group>"; };
		B8A727A817E0CD3A0057320f6156 /* yocto_weighscale.h */ = {isa = PBXFileReference; fileEncoding = 4; lastKnownFileType = sourcecode.c.h; name = yocto_weighscale.h; path = ../../../Sources/yocto_weighscale.h; sourceTree = "<group>"; };
		B8A727A817E0CD3A0057c2e0a2e0 /* yocto_wireless.m */ = {isa = PBXFileReference; fileEncoding = 4; lastKnownFileType = sourcecode.c.objc; name = yocto_wireless.m; path = ../../../Sources/yocto_wireless.m; sourceTree = "<group>"; };
		B8A727A817E0CD3A0057b28a566f /* yocto_wireless.h */ = {isa = PBXFileReference; fileEncoding = 4; lastKnownFileType = sourcecode.c.h; name = yocto_wireless.h; path = ../../../Sources/yocto_wireless.h; sourceTree = "<group>"; };

/* End PBXFileReference section */

/* Begin PBXFrameworksBuildPhase section */
		B8DD8BD314A9360E008A9E8F /* Frameworks */ = {
			isa = PBXFrameworksBuildPhase;
			buildActionMask = 2147483647;
			files = (
				B8DD8BDB14A9360E008A9E8F /* Foundation.framework in Frameworks */,
				B8F48A9314A93A3E008FBD0C /* IOKit.framework in Frameworks */,
			);
			runOnlyForDeploymentPostprocessing = 0;
		};
/* End PBXFrameworksBuildPhase section */

/* Begin PBXGroup section */
		B8DD8BCB14A9360E008A9E8F = {
			isa = PBXGroup;
			children = (
				B8DD8BDC14A9360E008A9E8F /* Example */,
				B8DD8BD914A9360E008A9E8F /* Frameworks */,
				B8DD8BD714A9360E008A9E8F /* Products */,
			);
			sourceTree = "<group>";
		};
		B8DD8BD714A9360E008A9E8F /* Products */ = {
			isa = PBXGroup;
			children = (
				B8DD8BD614A9360E008A9E8F /* Example */,
			);
			name = Products;
			sourceTree = "<group>";
		};
		B8DD8BD914A9360E008A9E8F /* Frameworks */ = {
			isa = PBXGroup;
			children = (
				B8F48A9214A93A3E008FBD0C /* IOKit.framework */,
				B8DD8BDA14A9360E008A9E8F /* Foundation.framework */,
			);
			name = Frameworks;
			sourceTree = "<group>";
		};
		B8DD8BDC14A9360E008A9E8F /* Example */ = {
			isa = PBXGroup;
			children = (
				B8DD8BE814A936CB008A9E8F /* Yocto */,
				B8DD8BDD14A9360E008A9E8F /* main.m */,
				B8DD8BDF14A9360E008A9E8F /* Supporting Files */,
			);
			path = Example;
			sourceTree = "<group>";
		};
		B8DD8BDF14A9360E008A9E8F /* Supporting Files */ = {
			isa = PBXGroup;
			children = (
				B8DD8BE014A9360E008A9E8F /* Example-Prefix.pch */,
			);
			name = "Supporting Files";
			sourceTree = "<group>";
		};
		B8DD8BE814A936CB008A9E8F /* Yocto */ = {
			isa = PBXGroup;
			children = (
				B8DD8C1314A936F5008A9E8F /* yapi */,
				B8DD8BEB14A936EF008A9E8F /* yocto_api.h */,
				B8DD8BEC14A936EF008A9E8F /* yocto_api.m */,

				B8A727A817E0CD3A00574e805e3e /* yocto_accelerometer.m */,
				B8A727A817E0CD3A00573eeaaab1 /* yocto_accelerometer.h */,
				B8A727A817E0CD3A0057f908d263 /* yocto_altitude.m */,
				B8A727A817E0CD3A0057896226ec /* yocto_altitude.h */,
				B8A727A817E0CD3A00572b6075a3 /* yocto_anbutton.m */,
				B8A727A817E0CD3A00575b0a812c /* yocto_anbutton.h */,
				B8A727A817E0CD3A005736ca2c0c /* yocto_arithmeticsensor.m */,
				B8A727A817E0CD3A005746a0d883 /* yocto_arithmeticsensor.h */,
				B8A727A817E0CD3A0057467d879f /* yocto_audioin.m */,
				B8A727A817E0CD3A005736177310 /* yocto_audioin.h */,
				B8A727A817E0CD3A005733d093a4 /* yocto_audioout.m */,
				B8A727A817E0CD3A005743ba672b /* yocto_audioout.h */,
				B8A727A817E0CD3A00574b73f608 /* yocto_bluetoothlink.m */,
				B8A727A817E0CD3A00573b190287 /* yocto_bluetoothlink.h */,
				B8A727A817E0CD3A0057eb22ec64 /* yocto_buzzer.m */,
				B8A727A817E0CD3A00579b4818eb /* yocto_buzzer.h */,
				B8A727A817E0CD3A005773a49397 /* yocto_carbondioxide.m */,
				B8A727A817E0CD3A00573ce6718 /* yocto_carbondioxide.h */,
				B8A727A817E0CD3A00572423d2ad /* yocto_cellular.m */,
				B8A727A817E0CD3A005754492622 /* yocto_cellular.h */,
				B8A727A817E0CD3A0057a293a83 /* yocto_colorled.m */,
				B8A727A817E0CD3A00577a43ce0c /* yocto_colorled.h */,
				B8A727A817E0CD3A00579d552b2f /* yocto_colorledcluster.m */,
				B8A727A817E0CD3A0057ed3fdfa0 /* yocto_colorledcluster.h */,
				B8A727A817E0CD3A0057a0dbadc3 /* yocto_compass.m */,
				B8A727A817E0CD3A0057d0b1594c /* yocto_compass.h */,
				B8A727A817E0CD3A0057c342f20b /* yocto_current.m */,
				B8A727A817E0CD3A0057b3280684 /* yocto_current.h */,
				B8A727A817E0CD3A005788bb52f5 /* yocto_currentloopoutput.m */,
				B8A727A817E0CD3A0057f8d1a67a /* yocto_currentloopoutput.h */,
				B8A727A817E0CD3A0057fe958841 /* yocto_daisychain.m */,
				B8A727A817E0CD3A00578eff7cce /* yocto_daisychain.h */,
				B8A727A817E0CD3A00577f9d9c2f /* yocto_digitalio.m */,
				B8A727A817E0CD3A0057ff768a0 /* yocto_digitalio.h */,
				B8A727A817E0CD3A00573a23f06d /* yocto_display.m */,
				B8A727A817E0CD3A00574a4904e2 /* yocto_display.h */,
				B8A727A817E0CD3A0057fea8e6cc /* yocto_dualpower.m */,
				B8A727A817E0CD3A00578ec21243 /* yocto_dualpower.h */,
				B8A727A817E0CD3A0057a5413526 /* yocto_files.m */,
				B8A727A817E0CD3A0057d52bc1a9 /* yocto_files.h */,
				B8A727A817E0CD3A005721325ec1 /* yocto_genericsensor.m */,
				B8A727A817E0CD3A00575158aa4e /* yocto_genericsensor.h */,
				B8A727A817E0CD3A0057ff31121 /* yocto_gps.m */,
				B8A727A817E0CD3A00577f99e5ae /* yocto_gps.h */,
				B8A727A817E0CD3A0057185cbe5b /* yocto_groundspeed.m */,
				B8A727A817E0CD3A005768364ad4 /* yocto_groundspeed.h */,
				B8A727A817E0CD3A0057b2c7ef02 /* yocto_gyro.m */,
				B8A727A817E0CD3A0057c2ad1b8d /* yocto_gyro.h */,
				B8A727A817E0CD3A00573b7ea195 /* yocto_hubport.m */,
				B8A727A817E0CD3A00574b14551a /* yocto_hubport.h */,
				B8A727A817E0CD3A005785695210 /* yocto_humidity.m */,
				B8A727A817E0CD3A0057f503a69f /* yocto_humidity.h */,
				B8A727A817E0CD3A0057a92a7596 /* yocto_i2cport.m */,
				B8A727A817E0CD3A0057d9408119 /* yocto_i2cport.h */,
				B8A727A817E0CD3A005796fa6420 /* yocto_inputcapture.m */,
				B8A727A817E0CD3A0057e69090af /* yocto_inputcapture.h */,
				B8A727A817E0CD3A0057c066bb10 /* yocto_inputchain.m */,
				B8A727A817E0CD3A0057b00c4f9f /* yocto_inputchain.h */,
				B8A727A817E0CD3A0057fdb9be84 /* yocto_latitude.m */,
				B8A727A817E0CD3A00578dd34a0b /* yocto_latitude.h */,
				B8A727A817E0CD3A005768d3268 /* yocto_led.m */,
				B8A727A817E0CD3A005776e7c6e7 /* yocto_led.h */,
				B8A727A817E0CD3A005778c451 /* yocto_lightsensor.m */,
				B8A727A817E0CD3A0057701230de /* yocto_lightsensor.h */,
				B8A727A817E0CD3A0057b6766f9a /* yocto_longitude.m */,
				B8A727A817E0CD3A0057c61c9b15 /* yocto_longitude.h */,
				B8A727A817E0CD3A00576f7271fd /* yocto_magnetometer.m */,
				B8A727A817E0CD3A00571f188572 /* yocto_magnetometer.h */,
				B8A727A817E0CD3A00577e8637ee /* yocto_messagebox.m */,
				B8A727A817E0CD3A0057eecc361 /* yocto_messagebox.h */,
				B8A727A817E0CD3A00574ff0d4d1 /* yocto_motor.m */,
				B8A727A817E0CD3A00573f9a205e /* yocto_motor.h */,
				B8A727A817E0CD3A00578384b2f7 /* yocto_multiaxiscontroller.m */,
				B8A727A817E0CD3A0057f3ee4678 /* yocto_multiaxiscontroller.h */,
				B8A727A817E0CD3A0057111edbdd /* yocto_multicellweighscale.m */,
				B8A727A817E0CD3A005761742f52 /* yocto_multicellweighscale.h */,
				B8A727A817E0CD3A00573fa2ee89 /* yocto_multisenscontroller.m */,
				B8A727A817E0CD3A00574fc81a06 /* yocto_multisenscontroller.h */,
				B8A727A817E0CD3A00573aae9435 /* yocto_network.m */,
				B8A727A817E0CD3A00574ac460ba /* yocto_network.h */,
				B8A727A817E0CD3A00579ffbca0f /* yocto_oscontrol.m */,
				B8A727A817E0CD3A0057ef913e80 /* yocto_oscontrol.h */,
				B8A727A817E0CD3A005761e4b36b /* yocto_power.m */,
				B8A727A817E0CD3A0057118e47e4 /* yocto_power.h */,
				B8A727A817E0CD3A00577be460af /* yocto_poweroutput.m */,
				B8A727A817E0CD3A0057b8e9420 /* yocto_poweroutput.h */,
				B8A727A817E0CD3A0057eea88d9b /* yocto_powersupply.m */,
				B8A727A817E0CD3A00579ec27914 /* yocto_powersupply.h */,
				B8A727A817E0CD3A00574eae6b98 /* yocto_pressure.m */,
				B8A727A817E0CD3A00573ec49f17 /* yocto_pressure.h */,
				B8A727A817E0CD3A0057b6c62051 /* yocto_proximity.m */,
				B8A727A817E0CD3A0057c6acd4de /* yocto_proximity.h */,
				B8A727A817E0CD3A0057e3e99929 /* yocto_pwminput.m */,
				B8A727A817E0CD3A005793836da6 /* yocto_pwminput.h */,
				B8A727A817E0CD3A005751545f8d /* yocto_pwmoutput.m */,
				B8A727A817E0CD3A0057213eab02 /* yocto_pwmoutput.h */,
				B8A727A817E0CD3A005746d640c7 /* yocto_pwmpowersource.m */,
				B8A727A817E0CD3A005736bcb448 /* yocto_pwmpowersource.h */,
				B8A727A817E0CD3A0057b8315e30 /* yocto_quadraturedecoder.m */,
				B8A727A817E0CD3A0057c85baabf /* yocto_quadraturedecoder.h */,
				B8A727A817E0CD3A005737eed532 /* yocto_rangefinder.m */,
				B8A727A817E0CD3A0057478421bd /* yocto_rangefinder.h */,
				B8A727A817E0CD3A0057a4847029 /* yocto_realtimeclock.m */,
				B8A727A817E0CD3A0057d4ee84a6 /* yocto_realtimeclock.h */,
				B8A727A817E0CD3A00576fd585b9 /* yocto_refframe.m */,
				B8A727A817E0CD3A00571fbf7136 /* yocto_refframe.h */,
				B8A727A817E0CD3A0057c3e75f01 /* yocto_relay.m */,
				B8A727A817E0CD3A0057b38dab8e /* yocto_relay.h */,
				B8A727A817E0CD3A00578515bf23 /* yocto_segmenteddisplay.m */,
				B8A727A817E0CD3A0057f57f4bac /* yocto_segmenteddisplay.h */,
				B8A727A817E0CD3A00574f66df98 /* yocto_serialport.m */,
				B8A727A817E0CD3A00573f0c2b17 /* yocto_serialport.h */,
				B8A727A817E0CD3A00576f25cdb2 /* yocto_servo.m */,
				B8A727A817E0CD3A00571f4f393d /* yocto_servo.h */,
				B8A727A817E0CD3A00575f0c27a7 /* yocto_spiport.m */,
				B8A727A817E0CD3A00572f66d328 /* yocto_spiport.h */,
				B8A727A817E0CD3A0057286c87ec /* yocto_steppermotor.m */,
				B8A727A817E0CD3A005758067363 /* yocto_steppermotor.h */,
				B8A727A817E0CD3A005728e9f9aa /* yocto_temperature.m */,
				B8A727A817E0CD3A005758830d25 /* yocto_temperature.h */,
				B8A727A817E0CD3A0057f7d06488 /* yocto_tilt.m */,
				B8A727A817E0CD3A005787ba9007 /* yocto_tilt.h */,
				B8A727A817E0CD3A00571ebc7ec0 /* yocto_tvoc.m */,
				B8A727A817E0CD3A00576ed68a4f /* yocto_tvoc.h */,
				B8A727A817E0CD3A0057462f4baa /* yocto_voc.m */,
				B8A727A817E0CD3A00573645bf25 /* yocto_voc.h */,
				B8A727A817E0CD3A0057bcbafc55 /* yocto_voltage.m */,
				B8A727A817E0CD3A0057ccd008da /* yocto_voltage.h */,
				B8A727A817E0CD3A005731b41718 /* yocto_voltageoutput.m */,
				B8A727A817E0CD3A005741dee397 /* yocto_voltageoutput.h */,
				B8A727A817E0CD3A0057dda70583 /* yocto_wakeupmonitor.m */,
				B8A727A817E0CD3A0057adcdf10c /* yocto_wakeupmonitor.h */,
				B8A727A817E0CD3A0057752a75b8 /* yocto_wakeupschedule.m */,
				B8A727A817E0CD3A00575408137 /* yocto_wakeupschedule.h */,
				B8A727A817E0CD3A00577b96b468 /* yocto_watchdog.m */,
				B8A727A817E0CD3A0057bfc40e7 /* yocto_watchdog.h */,
				B8A727A817E0CD3A0057426595d9 /* yocto_weighscale.m */,
				B8A727A817E0CD3A0057320f6156 /* yocto_weighscale.h */,
				B8A727A817E0CD3A0057c2e0a2e0 /* yocto_wireless.m */,
				B8A727A817E0CD3A0057b28a566f /* yocto_wireless.h */,

			);
			name = Yocto;
			sourceTree = "<group>";
		};
		B8DD8C1314A936F5008A9E8F /* yapi */ = {
			isa = PBXGroup;
			children = (
				B853FE1F161B49CA0086F1F5 /* ykey.c */,
				B853FE20161B49CA0086F1F5 /* ykey.h */,
				B8DD8C1414A9370B008A9E8F /* yapi.c */,
				B8DD8C1514A9370B008A9E8F /* yapi.h */,
				B8DD8C1614A9370B008A9E8F /* ydef.h */,
				B8DD8C1714A9370B008A9E8F /* yfifo.c */,
				B8DD8C1814A9370B008A9E8F /* yfifo.h */,
				B8DD8C1914A9370B008A9E8F /* yhash.c */,
				B8DD8C1A14A9370B008A9E8F /* yhash.h */,
				B8DD8C1B14A9370B008A9E8F /* yjson.c */,
				B8DD8C1C14A9370B008A9E8F /* yjson.h */,
				B8DD8C1D14A9370B008A9E8F /* ymemory.c */,
				B8DD8C1E14A9370B008A9E8F /* ymemory.h */,
				B8DD8C1F14A9370B008A9E8F /* ypkt_lin.c */,
				B845588D14DC315D00425F49 /* ythread.c */,
				B845588E14DC315D00425F49 /* ythread.h */,
				B8DD8C2014A9370B008A9E8F /* ypkt_osx.c */,
				B8DD8C2114A9370B008A9E8F /* ypkt_win.c */,
				B8DD8C2214A9370B008A9E8F /* yprog.c */,
				B8DD8C2314A9370B008A9E8F /* yprog.h */,
				B8DD8C2414A9370B008A9E8F /* yproto.h */,
				B8DD8C2514A9370B008A9E8F /* ystream.c */,
				B8DD8C2614A9370B008A9E8F /* ytcp.c */,
				B8DD8C2714A9370B008A9E8F /* ytcp.h */,
				B8DD8C2814A9370B008A9E8F /* yversion.h */,
			);
			name = yapi;
			sourceTree = "<group>";
		};
/* End PBXGroup section */

/* Begin PBXNativeTarget section */
		B8DD8BD514A9360E008A9E8F /* Example */ = {
			isa = PBXNativeTarget;
			buildConfigurationList = B8DD8BE514A9360E008A9E8F /* Build configuration list for PBXNativeTarget "Example" */;
			buildPhases = (
				B8DD8BD214A9360E008A9E8F /* Sources */,
				B8DD8BD314A9360E008A9E8F /* Frameworks */,
				B8DD8BD414A9360E008A9E8F /* CopyFiles */,
			);
			buildRules = (
			);
			dependencies = (
			);
			name = Example;
			productName = Example;
			productReference = B8DD8BD614A9360E008A9E8F /* Example */;
			productType = "com.apple.product-type.tool";
		};
/* End PBXNativeTarget section */

/* Begin PBXProject section */
		B8DD8BCD14A9360E008A9E8F /* Project object */ = {
			isa = PBXProject;
			attributes = {
				BuildIndependentTargetsInParallel = YES;
				LastUpgradeCheck = 1420;
				ORGANIZATIONNAME = "Yoctopuce Sàrl";
			};
			buildConfigurationList = B8DD8BD014A9360E008A9E8F /* Build configuration list for PBXProject "Example" */;
			compatibilityVersion = "Xcode 9.3";
			developmentRegion = en;
			hasScannedForEncodings = 0;
			knownRegions = (
				en,
			);
			mainGroup = B8DD8BCB14A9360E008A9E8F;
			productRefGroup = B8DD8BD714A9360E008A9E8F /* Products */;
			projectDirPath = "";
			projectRoot = "";
			targets = (
				B8DD8BD514A9360E008A9E8F /* Example */,
			);
		};
/* End PBXProject section */

/* Begin PBXSourcesBuildPhase section */
		B8DD8BD214A9360E008A9E8F /* Sources */ = {
			isa = PBXSourcesBuildPhase;
			buildActionMask = 2147483647;
			files = (
				B8DD8BDE14A9360E008A9E8F /* main.m in Sources */,
				B8DD8C0614A936EF008A9E8F /* yocto_api.m in Sources */,
				B8DD8C2914A9370B008A9E8F /* yapi.c in Sources */,
				B8DD8C2A14A9370B008A9E8F /* yfifo.c in Sources */,
				B8DD8C2B14A9370B008A9E8F /* yhash.c in Sources */,
				B8DD8C2C14A9370B008A9E8F /* yjson.c in Sources */,
				B8DD8C2D14A9370B008A9E8F /* ymemory.c in Sources */,
				B8DD8C2E14A9370B008A9E8F /* ypkt_lin.c in Sources */,
				B8DD8C2F14A9370B008A9E8F /* ypkt_osx.c in Sources */,
				B8DD8C3014A9370B008A9E8F /* ypkt_win.c in Sources */,
				B8DD8C3114A9370B008A9E8F /* yprog.c in Sources */,
				B8DD8C3214A9370B008A9E8F /* ystream.c in Sources */,
				B8DD8C3314A9370B008A9E8F /* ytcp.c in Sources */,
				B845588F14DC315D00425F49 /* ythread.c in Sources */,

				B8A727A817E0CD3A00575b8a8cae /* yocto_accelerometer.m in Sources */,
				B8A727A817E0CD3A0057f9627190 /* yocto_altitude.m in Sources */,
				B8A727A817E0CD3A00572b0ad650 /* yocto_anbutton.m in Sources */,
				B8A727A817E0CD3A00579802da6a /* yocto_arithmeticsensor.m in Sources */,
				B8A727A817E0CD3A00572cde749f /* yocto_audioin.m in Sources */,
				B8A727A817E0CD3A005733ba3057 /* yocto_audioout.m in Sources */,
				B8A727A817E0CD3A00575e792498 /* yocto_bluetoothlink.m in Sources */,
				B8A727A817E0CD3A0057f8f11e75 /* yocto_buzzer.m in Sources */,
				B8A727A817E0CD3A005766ae4107 /* yocto_carbondioxide.m in Sources */,
				B8A727A817E0CD3A00572449715e /* yocto_cellular.m in Sources */,
				B8A727A817E0CD3A0057a439970 /* yocto_colorled.m in Sources */,
				B8A727A817E0CD3A005784c907c7 /* yocto_colorledcluster.m in Sources */,
				B8A727A817E0CD3A0057ca785ec3 /* yocto_compass.m in Sources */,
				B8A727A817E0CD3A0057a9e1010b /* yocto_current.m in Sources */,
				B8A727A817E0CD3A00572cc45e6e /* yocto_currentloopoutput.m in Sources */,
				B8A727A817E0CD3A00578edbc807 /* yocto_daisychain.m in Sources */,
				B8A727A817E0CD3A00575b29552a /* yocto_digitalio.m in Sources */,
				B8A727A817E0CD3A00575080036d /* yocto_display.m in Sources */,
				B8A727A817E0CD3A0057da1c2fc9 /* yocto_dualpower.m in Sources */,
				B8A727A817E0CD3A00571a2b723e /* yocto_files.m in Sources */,
				B8A727A817E0CD3A005734388c51 /* yocto_genericsensor.m in Sources */,
				B8A727A817E0CD3A0057f9cb27d5 /* yocto_gps.m in Sources */,
				B8A727A817E0CD3A0057879314be /* yocto_groundspeed.m in Sources */,
				B8A727A817E0CD3A00578e1e131 /* yocto_gyro.m in Sources */,
				B8A727A817E0CD3A005751dd5295 /* yocto_hubport.m in Sources */,
				B8A727A817E0CD3A00578503f1e3 /* yocto_humidity.m in Sources */,
				B8A727A817E0CD3A0057c3898696 /* yocto_i2cport.m in Sources */,
				B8A727A817E0CD3A00574605bd7d /* yocto_inputcapture.m in Sources */,
				B8A727A817E0CD3A0057b028fb56 /* yocto_inputchain.m in Sources */,
				B8A727A817E0CD3A0057fdd31d77 /* yocto_latitude.m in Sources */,
				B8A727A817E0CD3A0057f0b5049c /* yocto_led.m in Sources */,
				B8A727A817E0CD3A00579fb76eb4 /* yocto_lightsensor.m in Sources */,
				B8A727A817E0CD3A005792c2a69f /* yocto_longitude.m in Sources */,
				B8A727A817E0CD3A0057bf8da8a0 /* yocto_magnetometer.m in Sources */,
				B8A727A817E0CD3A0057ec877a8 /* yocto_messagebox.m in Sources */,
				B8A727A817E0CD3A0057f09a93c9 /* yocto_motor.m in Sources */,
				B8A727A817E0CD3A005718870972 /* yocto_multiaxiscontroller.m in Sources */,
				B8A727A817E0CD3A00578a1d6058 /* yocto_multicellweighscale.m in Sources */,
				B8A727A817E0CD3A0057a4a1550c /* yocto_multisenscontroller.m in Sources */,
				B8A727A817E0CD3A0057500d6735 /* yocto_network.m in Sources */,
				B8A727A817E0CD3A0057bb4f030a /* yocto_oscontrol.m in Sources */,
				B8A727A817E0CD3A0057de8ef473 /* yocto_power.m in Sources */,
				B8A727A817E0CD3A0057e42bca4a /* yocto_poweroutput.m in Sources */,
				B8A727A817E0CD3A00577167277e /* yocto_powersupply.m in Sources */,
				B8A727A817E0CD3A00574ec4c86b /* yocto_pressure.m in Sources */,
				B8A727A817E0CD3A00579272e954 /* yocto_proximity.m in Sources */,
				B8A727A817E0CD3A0057e3833ada /* yocto_pwminput.m in Sources */,
				B8A727A817E0CD3A005775e09688 /* yocto_pwmoutput.m in Sources */,
				B8A727A817E0CD3A0057b6ccd951 /* yocto_pwmpowersource.m in Sources */,
				B8A727A817E0CD3A00571c4e52ab /* yocto_quadraturedecoder.m in Sources */,
				B8A727A817E0CD3A0057a8217fd7 /* yocto_rangefinder.m in Sources */,
				B8A727A817E0CD3A0057b18ea2b9 /* yocto_realtimeclock.m in Sources */,
				B8A727A817E0CD3A00576fbf264a /* yocto_refframe.m in Sources */,
				B8A727A817E0CD3A00577c8d1819 /* yocto_relay.m in Sources */,
				B8A727A817E0CD3A00572bdd4945 /* yocto_segmenteddisplay.m in Sources */,
				B8A727A817E0CD3A00573f289fde /* yocto_serialport.m in Sources */,
				B8A727A817E0CD3A0057d04f8aaa /* yocto_servo.m in Sources */,
				B8A727A817E0CD3A005735afd4a7 /* yocto_spiport.m in Sources */,
				B8A727A817E0CD3A0057f8935eb1 /* yocto_steppermotor.m in Sources */,
				B8A727A817E0CD3A0057b726534f /* yocto_temperature.m in Sources */,
				B8A727A817E0CD3A00574df66abb /* yocto_tilt.m in Sources */,
				B8A727A817E0CD3A0057a49a70f3 /* yocto_tvoc.m in Sources */,
				B8A727A817E0CD3A0057b0177d5e /* yocto_voc.m in Sources */,
				B8A727A817E0CD3A0057d6190f55 /* yocto_voltage.m in Sources */,
				B8A727A817E0CD3A005724bec588 /* yocto_voltageoutput.m in Sources */,
				B8A727A817E0CD3A0057c8add713 /* yocto_wakeupmonitor.m in Sources */,
				B8A727A817E0CD3A00578530ec2e /* yocto_wakeupschedule.m in Sources */,
				B8A727A817E0CD3A00577bfc179b /* yocto_watchdog.m in Sources */,
				B8A727A817E0CD3A0057322bd59f /* yocto_weighscale.m in Sources */,
				B8A727A817E0CD3A0057c28a0113 /* yocto_wireless.m in Sources */,

				B853FE21161B49CA0086F1F5 /* ykey.c in Sources */,
			);
			runOnlyForDeploymentPostprocessing = 0;
		};
/* End PBXSourcesBuildPhase section */

/* Begin XCBuildConfiguration section */
		B8DD8BE314A9360E008A9E8F /* Debug */ = {
			isa = XCBuildConfiguration;
			buildSettings = {
				ALWAYS_SEARCH_USER_PATHS = NO;
				CLANG_ANALYZER_LOCALIZABILITY_NONLOCALIZED = YES;
				CLANG_WARN_BLOCK_CAPTURE_AUTORELEASING = YES;
				CLANG_WARN_BOOL_CONVERSION = YES;
				CLANG_WARN_COMMA = YES;
				CLANG_WARN_CONSTANT_CONVERSION = YES;
				CLANG_WARN_DEPRECATED_OBJC_IMPLEMENTATIONS = YES;
				CLANG_WARN_EMPTY_BODY = YES;
				CLANG_WARN_ENUM_CONVERSION = YES;
				CLANG_WARN_INFINITE_RECURSION = YES;
				CLANG_WARN_INT_CONVERSION = YES;
				CLANG_WARN_NON_LITERAL_NULL_CONVERSION = YES;
				CLANG_WARN_OBJC_IMPLICIT_RETAIN_SELF = YES;
				CLANG_WARN_OBJC_LITERAL_CONVERSION = YES;
				CLANG_WARN_QUOTED_INCLUDE_IN_FRAMEWORK_HEADER = YES;
				CLANG_WARN_RANGE_LOOP_ANALYSIS = YES;
				CLANG_WARN_STRICT_PROTOTYPES = YES;
				CLANG_WARN_SUSPICIOUS_MOVE = YES;
				CLANG_WARN_UNREACHABLE_CODE = YES;
				CLANG_WARN__DUPLICATE_METHOD_MATCH = YES;
				COPY_PHASE_STRIP = NO;
				DEAD_CODE_STRIPPING = YES;
				ENABLE_STRICT_OBJC_MSGSEND = YES;
				ENABLE_TESTABILITY = YES;
				FUSE_BUILD_SCRIPT_PHASES = YES;
				GCC_C_LANGUAGE_STANDARD = gnu99;
				GCC_DYNAMIC_NO_PIC = NO;
				GCC_ENABLE_OBJC_EXCEPTIONS = YES;
				GCC_NO_COMMON_BLOCKS = YES;
				GCC_OPTIMIZATION_LEVEL = 0;
				GCC_PREPROCESSOR_DEFINITIONS = (
					"DEBUG=1",
					"$(inherited)",
				);
				GCC_SYMBOLS_PRIVATE_EXTERN = NO;
				GCC_VERSION = com.apple.compilers.llvm.clang.1_0;
				GCC_WARN_64_TO_32_BIT_CONVERSION = YES;
				GCC_WARN_ABOUT_MISSING_PROTOTYPES = YES;
				GCC_WARN_ABOUT_RETURN_TYPE = YES;
				GCC_WARN_UNDECLARED_SELECTOR = YES;
				GCC_WARN_UNINITIALIZED_AUTOS = YES;
				GCC_WARN_UNUSED_FUNCTION = YES;
				GCC_WARN_UNUSED_VARIABLE = YES;
				MACOSX_DEPLOYMENT_TARGET = 10.6;
				ONLY_ACTIVE_ARCH = YES;
				SDKROOT = macosx;
			};
			name = Debug;
		};
		B8DD8BE414A9360E008A9E8F /* Release */ = {
			isa = XCBuildConfiguration;
			buildSettings = {
				ALWAYS_SEARCH_USER_PATHS = NO;
				CLANG_ANALYZER_LOCALIZABILITY_NONLOCALIZED = YES;
				CLANG_WARN_BLOCK_CAPTURE_AUTORELEASING = YES;
				CLANG_WARN_BOOL_CONVERSION = YES;
				CLANG_WARN_COMMA = YES;
				CLANG_WARN_CONSTANT_CONVERSION = YES;
				CLANG_WARN_DEPRECATED_OBJC_IMPLEMENTATIONS = YES;
				CLANG_WARN_EMPTY_BODY = YES;
				CLANG_WARN_ENUM_CONVERSION = YES;
				CLANG_WARN_INFINITE_RECURSION = YES;
				CLANG_WARN_INT_CONVERSION = YES;
				CLANG_WARN_NON_LITERAL_NULL_CONVERSION = YES;
				CLANG_WARN_OBJC_IMPLICIT_RETAIN_SELF = YES;
				CLANG_WARN_OBJC_LITERAL_CONVERSION = YES;
				CLANG_WARN_QUOTED_INCLUDE_IN_FRAMEWORK_HEADER = YES;
				CLANG_WARN_RANGE_LOOP_ANALYSIS = YES;
				CLANG_WARN_STRICT_PROTOTYPES = YES;
				CLANG_WARN_SUSPICIOUS_MOVE = YES;
				CLANG_WARN_UNREACHABLE_CODE = YES;
				CLANG_WARN__DUPLICATE_METHOD_MATCH = YES;
				COPY_PHASE_STRIP = YES;
				DEAD_CODE_STRIPPING = YES;
				DEBUG_INFORMATION_FORMAT = "dwarf-with-dsym";
				ENABLE_STRICT_OBJC_MSGSEND = YES;
				FUSE_BUILD_SCRIPT_PHASES = YES;
				GCC_C_LANGUAGE_STANDARD = gnu99;
				GCC_ENABLE_OBJC_EXCEPTIONS = YES;
				GCC_NO_COMMON_BLOCKS = YES;
				GCC_VERSION = com.apple.compilers.llvm.clang.1_0;
				GCC_WARN_64_TO_32_BIT_CONVERSION = YES;
				GCC_WARN_ABOUT_MISSING_PROTOTYPES = YES;
				GCC_WARN_ABOUT_RETURN_TYPE = YES;
				GCC_WARN_UNDECLARED_SELECTOR = YES;
				GCC_WARN_UNINITIALIZED_AUTOS = YES;
				GCC_WARN_UNUSED_FUNCTION = YES;
				GCC_WARN_UNUSED_VARIABLE = YES;
				MACOSX_DEPLOYMENT_TARGET = 10.6;
				SDKROOT = macosx;
			};
			name = Release;
		};
		B8DD8BE614A9360E008A9E8F /* Debug */ = {
			isa = XCBuildConfiguration;
			buildSettings = {
				CLANG_ENABLE_OBJC_WEAK = YES;
				CODE_SIGN_IDENTITY = "-";
				DEAD_CODE_STRIPPING = YES;
				GCC_PRECOMPILE_PREFIX_HEADER = YES;
				GCC_PREFIX_HEADER = "Example/Example-Prefix.pch";
				MACOSX_DEPLOYMENT_TARGET = "$(RECOMMENDED_MACOSX_DEPLOYMENT_TARGET)";
				PRODUCT_NAME = "$(TARGET_NAME)";
				SDKROOT = macosx;
			};
			name = Debug;
		};
		B8DD8BE714A9360E008A9E8F /* Release */ = {
			isa = XCBuildConfiguration;
			buildSettings = {
				CLANG_ENABLE_OBJC_WEAK = YES;
				CODE_SIGN_IDENTITY = "-";
				DEAD_CODE_STRIPPING = YES;
				GCC_PRECOMPILE_PREFIX_HEADER = YES;
				GCC_PREFIX_HEADER = "Example/Example-Prefix.pch";
				MACOSX_DEPLOYMENT_TARGET = "$(RECOMMENDED_MACOSX_DEPLOYMENT_TARGET)";
				PRODUCT_NAME = "$(TARGET_NAME)";
				SDKROOT = macosx;
			};
			name = Release;
		};
/* End XCBuildConfiguration section */

/* Begin XCConfigurationList section */
		B8DD8BD014A9360E008A9E8F /* Build configuration list for PBXProject "Example" */ = {
			isa = XCConfigurationList;
			buildConfigurations = (
				B8DD8BE314A9360E008A9E8F /* Debug */,
				B8DD8BE414A9360E008A9E8F /* Release */,
			);
			defaultConfigurationIsVisible = 0;
			defaultConfigurationName = Release;
		};
		B8DD8BE514A9360E008A9E8F /* Build configuration list for PBXNativeTarget "Example" */ = {
			isa = XCConfigurationList;
			buildConfigurations = (
				B8DD8BE614A9360E008A9E8F /* Debug */,
				B8DD8BE714A9360E008A9E8F /* Release */,
			);
			defaultConfigurationIsVisible = 0;
			defaultConfigurationName = Release;
		};
/* End XCConfigurationList section */
	};
	rootObject = B8DD8BCD14A9360E008A9E8F /* Project object */;
}
